// !$*UTF8*$!
{
	archiveVersion = 1;
	classes = {
	};
	objectVersion = 77;
	objects = {

/* Begin PBXBuildFile section */
		D1EE91D92EB6DF87007E5FFC /* Auth in Frameworks */ = {isa = PBXBuildFile; productRef = D1EE91D82EB6DF87007E5FFC /* Auth */; };
		D1EE91DB2EB6DF87007E5FFC /* Functions in Frameworks */ = {isa = PBXBuildFile; productRef = D1EE91DA2EB6DF87007E5FFC /* Functions */; };
		D1EE91DD2EB6DF87007E5FFC /* PostgREST in Frameworks */ = {isa = PBXBuildFile; productRef = D1EE91DC2EB6DF87007E5FFC /* PostgREST */; };
		D1EE91DF2EB6DF87007E5FFC /* Realtime in Frameworks */ = {isa = PBXBuildFile; productRef = D1EE91DE2EB6DF87007E5FFC /* Realtime */; };
		D1EE91E12EB6DF87007E5FFC /* Storage in Frameworks */ = {isa = PBXBuildFile; productRef = D1EE91E02EB6DF87007E5FFC /* Storage */; };
		D1EE91E32EB6DF87007E5FFC /* Supabase in Frameworks */ = {isa = PBXBuildFile; productRef = D1EE91E22EB6DF87007E5FFC /* Supabase */; };
		D1EEE96F2E9D348D001B7D60 /* GoogleSignIn in Frameworks */ = {isa = PBXBuildFile; productRef = D1EEE96E2E9D348D001B7D60 /* GoogleSignIn */; };
		D1EEE9712E9D348D001B7D60 /* GoogleSignInSwift in Frameworks */ = {isa = PBXBuildFile; productRef = D1EEE9702E9D348D001B7D60 /* GoogleSignInSwift */; };
/* End PBXBuildFile section */

/* Begin PBXContainerItemProxy section */
		D1540FF22E97F75D00977B1D /* PBXContainerItemProxy */ = {
			isa = PBXContainerItemProxy;
			containerPortal = D1540FD82E97F75A00977B1D /* Project object */;
			proxyType = 1;
			remoteGlobalIDString = D1540FDF2E97F75A00977B1D;
			remoteInfo = Savari;
		};
		D1540FFC2E97F75D00977B1D /* PBXContainerItemProxy */ = {
			isa = PBXContainerItemProxy;
			containerPortal = D1540FD82E97F75A00977B1D /* Project object */;
			proxyType = 1;
			remoteGlobalIDString = D1540FDF2E97F75A00977B1D;
			remoteInfo = Savari;
		};
/* End PBXContainerItemProxy section */

/* Begin PBXFileReference section */
		D1540FE02E97F75A00977B1D /* Savari.app */ = {isa = PBXFileReference; explicitFileType = wrapper.application; includeInIndex = 0; path = Savari.app; sourceTree = BUILT_PRODUCTS_DIR; };
		D1540FF12E97F75D00977B1D /* SavariTests.xctest */ = {isa = PBXFileReference; explicitFileType = wrapper.cfbundle; includeInIndex = 0; path = SavariTests.xctest; sourceTree = BUILT_PRODUCTS_DIR; };
		D1540FFB2E97F75D00977B1D /* SavariUITests.xctest */ = {isa = PBXFileReference; explicitFileType = wrapper.cfbundle; includeInIndex = 0; path = SavariUITests.xctest; sourceTree = BUILT_PRODUCTS_DIR; };
/* End PBXFileReference section */

/* Begin PBXFileSystemSynchronizedBuildFileExceptionSet section */
		D1DCAA9C2E9A90CD009CC0EB /* Exceptions for "Savari" folder in "Savari" target */ = {
			isa = PBXFileSystemSynchronizedBuildFileExceptionSet;
			membershipExceptions = (
					Assets.xcassets,
					LoginDriverSetupAssets.swift,
					LoginDriverSetupStep.swift,
					LoginFlowMediaSheets.swift,
					LoginFlowStepContent.swift,
				LoginMediaPickers.swift,
				LoginRoleSelectionStep.swift,
				LoginSignInStep.swift,
				LoginUserInfoStep.swift,
				LoginFlowView.swift,
				RoutingService.swift,
				SavariLog.swift,
				Savari.swift,
				SavariCardStyle.swift,
				SavariSmokeDriverScenarios.swift,
				SavariSmokePassengerScenario.swift,
				SavariSmokeSelfAcceptScenario.swift,
				SavariSmokeTestRunner.swift,
				SavariSessionStore.swift,
				SavariButton.swift,
				SavariCore/DriverActiveRidePanel.swift,
				SavariCore/DriverControls.swift,
				SavariCore/DriverIncomingRequestsPanel.swift,
				SavariCore/DashboardContentLayer.swift,
				SavariCore/DashboardDestinationSelection.swift,
				SavariCore/DashboardMapContent.swift,
				SavariCore/DashboardMapLayer.swift,
				SavariCore/DashboardDriverOverlayLayer.swift,
				SavariCore/DashboardInteractionLayers.swift,
				SavariCore/DashboardPassengerControls.swift,
				SavariCore/DashboardPassengerRideOverlayLayer.swift,
				SavariCore/ConfirmRideSheet.swift,
				SavariCore/DistanceETABox.swift,
				SavariCore/RideFlowCard.swift,
				SavariCore/RideStatusCard.swift,
				SavariCore/TransportCard.swift,
				SavariCore/DashboardTopBar.swift,
				SavariCore/DashboardTopBarHeader.swift,
				SavariCore/DashboardTopBarResultsDropdown.swift,
				SavariCore/DashboardTopBarSearchRow.swift,
				SavariCore/DashboardView.swift,
				"SavariCore/DashboardView+Previews.swift",
				SavariCore/DashboardViewModel.swift,
				SavariCore/DashboardViewModelDriverActions.swift,
				SavariCore/DashboardViewModelDriverLocations.swift,
				SavariCore/DashboardViewModelDriverSession.swift,
				SavariCore/DashboardViewModelLocationTracking.swift,
				SavariCore/DashboardViewModelPassengerActions.swift,
				SavariCore/GPSLocationPusher.swift,
				SavariCore/LocationCompleter.swift,
				SavariCore/MapComponents.swift,
				SavariCore/MapPickerOverlay.swift,
				SavariCore/MapPickerPanelComponents.swift,
				SavariCore/MapPickerRepresentable.swift,
				SavariCore/MapPickerView.swift,
				SavariCore/Models.swift,
				SavariCore/RealtimeManager.swift,
				SavariCore/RealtimeDriverLocations.swift,
				SavariCore/RealtimeRideRequests.swift,
				SavariCore/RideFormatting.swift,
				SavariCore/RideRowFormatter.swift,
				SavariCore/RideService.swift,
				SavariCore/RideServiceDriverLifecycle.swift,
				SavariCore/DashboardSessionLifecycle.swift,
				sawari1.mp4,
				sawari2.mp4,
				sawari3.mp4,
				sawari4.mp4,
				sawari5.mp4,
				SplashView.swift,
				SupabaseManager.swift,
				SupabaseManagerAuth.swift,
				SupabaseManagerDriverOnboarding.swift,
				SupabaseManagerPayments.swift,
				SupabaseManagerProfiles.swift,
				SupabaseManagerStorage.swift,
			);
			target = D1540FDF2E97F75A00977B1D /* Savari */;
		};
/* End PBXFileSystemSynchronizedBuildFileExceptionSet section */

/* Begin PBXFileSystemSynchronizedRootGroup section */
		D1DCAA7E2E9A90CD009CC0EB /* Savari */ = {
			isa = PBXFileSystemSynchronizedRootGroup;
			exceptions = (
				D1DCAA9C2E9A90CD009CC0EB /* Exceptions for "Savari" folder in "Savari" target */,
			);
			path = Savari;
			sourceTree = "<group>";
		};
/* End PBXFileSystemSynchronizedRootGroup section */

/* Begin PBXFrameworksBuildPhase section */
		D1540FDD2E97F75A00977B1D /* Frameworks */ = {
			isa = PBXFrameworksBuildPhase;
			buildActionMask = 2147483647;
			files = (
				D1EE91E32EB6DF87007E5FFC /* Supabase in Frameworks */,
				D1EE91DB2EB6DF87007E5FFC /* Functions in Frameworks */,
				D1EE91DD2EB6DF87007E5FFC /* PostgREST in Frameworks */,
				D1EE91DF2EB6DF87007E5FFC /* Realtime in Frameworks */,
				D1EEE96F2E9D348D001B7D60 /* GoogleSignIn in Frameworks */,
				D1EE91E12EB6DF87007E5FFC /* Storage in Frameworks */,
				D1EE91D92EB6DF87007E5FFC /* Auth in Frameworks */,
				D1EEE9712E9D348D001B7D60 /* GoogleSignInSwift in Frameworks */,
			);
			runOnlyForDeploymentPostprocessing = 0;
		};
		D1540FEE2E97F75D00977B1D /* Frameworks */ = {
			isa = PBXFrameworksBuildPhase;
			buildActionMask = 2147483647;
			files = (
			);
			runOnlyForDeploymentPostprocessing = 0;
		};
		D1540FF82E97F75D00977B1D /* Frameworks */ = {
			isa = PBXFrameworksBuildPhase;
			buildActionMask = 2147483647;
			files = (
			);
			runOnlyForDeploymentPostprocessing = 0;
		};
/* End PBXFrameworksBuildPhase section */

/* Begin PBXGroup section */
		D1540FD72E97F75A00977B1D = {
			isa = PBXGroup;
			children = (
				D1DCAA7E2E9A90CD009CC0EB /* Savari */,
				D1540FE12E97F75A00977B1D /* Products */,
			);
			sourceTree = "<group>";
		};
		D1540FE12E97F75A00977B1D /* Products */ = {
			isa = PBXGroup;
			children = (
				D1540FE02E97F75A00977B1D /* Savari.app */,
				D1540FF12E97F75D00977B1D /* SavariTests.xctest */,
				D1540FFB2E97F75D00977B1D /* SavariUITests.xctest */,
			);
			name = Products;
			sourceTree = "<group>";
		};
/* End PBXGroup section */

/* Begin PBXNativeTarget section */
		D1540FDF2E97F75A00977B1D /* Savari */ = {
			isa = PBXNativeTarget;
			buildConfigurationList = D15410042E97F75D00977B1D /* Build configuration list for PBXNativeTarget "Savari" */;
			buildPhases = (
				D1540FDC2E97F75A00977B1D /* Sources */,
				D1540FDD2E97F75A00977B1D /* Frameworks */,
				D1540FDE2E97F75A00977B1D /* Resources */,
			);
			buildRules = (
			);
			dependencies = (
			);
			name = Savari;
			packageProductDependencies = (
				D1EEE96E2E9D348D001B7D60 /* GoogleSignIn */,
				D1EEE9702E9D348D001B7D60 /* GoogleSignInSwift */,
				D1EE91D82EB6DF87007E5FFC /* Auth */,
				D1EE91DA2EB6DF87007E5FFC /* Functions */,
				D1EE91DC2EB6DF87007E5FFC /* PostgREST */,
				D1EE91DE2EB6DF87007E5FFC /* Realtime */,
				D1EE91E02EB6DF87007E5FFC /* Storage */,
				D1EE91E22EB6DF87007E5FFC /* Supabase */,
			);
			productName = Savari;
			productReference = D1540FE02E97F75A00977B1D /* Savari.app */;
			productType = "com.apple.product-type.application";
		};
		D1540FF02E97F75D00977B1D /* SavariTests */ = {
			isa = PBXNativeTarget;
			buildConfigurationList = D15410092E97F75D00977B1D /* Build configuration list for PBXNativeTarget "SavariTests" */;
			buildPhases = (
				D1540FED2E97F75D00977B1D /* Sources */,
				D1540FEE2E97F75D00977B1D /* Frameworks */,
				D1540FEF2E97F75D00977B1D /* Resources */,
			);
			buildRules = (
			);
			dependencies = (
				D1540FF32E97F75D00977B1D /* PBXTargetDependency */,
			);
			name = SavariTests;
			packageProductDependencies = (
			);
			productName = SavariTests;
			productReference = D1540FF12E97F75D00977B1D /* SavariTests.xctest */;
			productType = "com.apple.product-type.bundle.unit-test";
		};
		D1540FFA2E97F75D00977B1D /* SavariUITests */ = {
			isa = PBXNativeTarget;
			buildConfigurationList = D154100C2E97F75D00977B1D /* Build configuration list for PBXNativeTarget "SavariUITests" */;
			buildPhases = (
				D1540FF72E97F75D00977B1D /* Sources */,
				D1540FF82E97F75D00977B1D /* Frameworks */,
				D1540FF92E97F75D00977B1D /* Resources */,
			);
			buildRules = (
			);
			dependencies = (
				D1540FFD2E97F75D00977B1D /* PBXTargetDependency */,
			);
			name = SavariUITests;
			packageProductDependencies = (
			);
			productName = SavariUITests;
			productReference = D1540FFB2E97F75D00977B1D /* SavariUITests.xctest */;
			productType = "com.apple.product-type.bundle.ui-testing";
		};
/* End PBXNativeTarget section */

/* Begin PBXProject section */
		D1540FD82E97F75A00977B1D /* Project object */ = {
			isa = PBXProject;
			attributes = {
				BuildIndependentTargetsInParallel = 1;
				LastSwiftUpdateCheck = 2600;
				LastUpgradeCheck = 2650;
				TargetAttributes = {
					D1540FDF2E97F75A00977B1D = {
						CreatedOnToolsVersion = 26.0.1;
						LastSwiftMigration = 2600;
					};
					D1540FF02E97F75D00977B1D = {
						CreatedOnToolsVersion = 26.0.1;
						TestTargetID = D1540FDF2E97F75A00977B1D;
					};
					D1540FFA2E97F75D00977B1D = {
						CreatedOnToolsVersion = 26.0.1;
						TestTargetID = D1540FDF2E97F75A00977B1D;
					};
				};
			};
			buildConfigurationList = D1540FDB2E97F75A00977B1D /* Build configuration list for PBXProject "Savari" */;
			developmentRegion = en;
			hasScannedForEncodings = 0;
			knownRegions = (
				en,
				Base,
			);
			mainGroup = D1540FD72E97F75A00977B1D;
			minimizedProjectReferenceProxies = 1;
			packageReferences = (
				D1EEE96D2E9D348D001B7D60 /* XCRemoteSwiftPackageReference "GoogleSignIn-iOS" */,
				D1EE91D72EB6DF87007E5FFC /* XCRemoteSwiftPackageReference "supabase-swift" */,
			);
			preferredProjectObjectVersion = 77;
			productRefGroup = D1540FE12E97F75A00977B1D /* Products */;
			projectDirPath = "";
			projectRoot = "";
			targets = (
				D1540FDF2E97F75A00977B1D /* Savari */,
				D1540FF02E97F75D00977B1D /* SavariTests */,
				D1540FFA2E97F75D00977B1D /* SavariUITests */,
			);
		};
/* End PBXProject section */

/* Begin PBXResourcesBuildPhase section */
		D1540FDE2E97F75A00977B1D /* Resources */ = {
			isa = PBXResourcesBuildPhase;
			buildActionMask = 2147483647;
			files = (
			);
			runOnlyForDeploymentPostprocessing = 0;
		};
		D1540FEF2E97F75D00977B1D /* Resources */ = {
			isa = PBXResourcesBuildPhase;
			buildActionMask = 2147483647;
			files = (
			);
			runOnlyForDeploymentPostprocessing = 0;
		};
		D1540FF92E97F75D00977B1D /* Resources */ = {
			isa = PBXResourcesBuildPhase;
			buildActionMask = 2147483647;
			files = (
			);
			runOnlyForDeploymentPostprocessing = 0;
		};
/* End PBXResourcesBuildPhase section */

/* Begin PBXSourcesBuildPhase section */
		D1540FDC2E97F75A00977B1D /* Sources */ = {
			isa = PBXSourcesBuildPhase;
			buildActionMask = 2147483647;
			files = (
			);
			runOnlyForDeploymentPostprocessing = 0;
		};
		D1540FED2E97F75D00977B1D /* Sources */ = {
			isa = PBXSourcesBuildPhase;
			buildActionMask = 2147483647;
			files = (
			);
			runOnlyForDeploymentPostprocessing = 0;
		};
		D1540FF72E97F75D00977B1D /* Sources */ = {
			isa = PBXSourcesBuildPhase;
			buildActionMask = 2147483647;
			files = (
			);
			runOnlyForDeploymentPostprocessing = 0;
		};
/* End PBXSourcesBuildPhase section */

/* Begin PBXTargetDependency section */
		D1540FF32E97F75D00977B1D /* PBXTargetDependency */ = {
			isa = PBXTargetDependency;
			target = D1540FDF2E97F75A00977B1D /* Savari */;
			targetProxy = D1540FF22E97F75D00977B1D /* PBXContainerItemProxy */;
		};
		D1540FFD2E97F75D00977B1D /* PBXTargetDependency */ = {
			isa = PBXTargetDependency;
			target = D1540FDF2E97F75A00977B1D /* Savari */;
			targetProxy = D1540FFC2E97F75D00977B1D /* PBXContainerItemProxy */;
		};
/* End PBXTargetDependency section */

/* Begin XCBuildConfiguration section */
		D15410052E97F75D00977B1D /* Debug */ = {
			isa = XCBuildConfiguration;
			buildSettings = {
				ASSETCATALOG_COMPILER_APPICON_NAME = AppIcon;
				ASSETCATALOG_COMPILER_GLOBAL_ACCENT_COLOR_NAME = AccentColor;
				CLANG_ENABLE_MODULES = YES;
				CODE_SIGN_ENTITLEMENTS = Savari/Savari.entitlements;
				CODE_SIGN_STYLE = Automatic;
				CURRENT_PROJECT_VERSION = 1;
				DEVELOPMENT_TEAM = RBLBKM3W74;
				ENABLE_PREVIEWS = YES;
				GENERATE_INFOPLIST_FILE = YES;
				INFOPLIST_FILE = Savari/Info.plist;
				"INFOPLIST_KEY_UIApplicationSceneManifest_Generation[sdk=iphoneos*]" = YES;
				"INFOPLIST_KEY_UIApplicationSceneManifest_Generation[sdk=iphonesimulator*]" = YES;
				"INFOPLIST_KEY_UIApplicationSupportsIndirectInputEvents[sdk=iphoneos*]" = YES;
				"INFOPLIST_KEY_UIApplicationSupportsIndirectInputEvents[sdk=iphonesimulator*]" = YES;
				"INFOPLIST_KEY_UILaunchScreen_Generation[sdk=iphoneos*]" = YES;
				"INFOPLIST_KEY_UILaunchScreen_Generation[sdk=iphonesimulator*]" = YES;
				"INFOPLIST_KEY_UIStatusBarStyle[sdk=iphoneos*]" = UIStatusBarStyleDefault;
				"INFOPLIST_KEY_UIStatusBarStyle[sdk=iphonesimulator*]" = UIStatusBarStyleDefault;
				INFOPLIST_KEY_UISupportedInterfaceOrientations_iPad = "UIInterfaceOrientationPortrait UIInterfaceOrientationPortraitUpsideDown UIInterfaceOrientationLandscapeLeft UIInterfaceOrientationLandscapeRight";
				INFOPLIST_KEY_UISupportedInterfaceOrientations_iPhone = "UIInterfaceOrientationPortrait UIInterfaceOrientationLandscapeLeft UIInterfaceOrientationLandscapeRight";
				IPHONEOS_DEPLOYMENT_TARGET = 17.0;
				LD_RUNPATH_SEARCH_PATHS = "@executable_path/Frameworks";
				MARKETING_VERSION = 1.0;
				PRODUCT_BUNDLE_IDENTIFIER = furqan.Savari;
				PRODUCT_NAME = "$(TARGET_NAME)";
				REGISTER_APP_GROUPS = YES;
				SDKROOT = iphoneos;
				STRING_CATALOG_GENERATE_SYMBOLS = YES;
				SUPPORTED_PLATFORMS = "iphoneos iphonesimulator";
				SWIFT_APPROACHABLE_CONCURRENCY = YES;
				SWIFT_DEFAULT_ACTOR_ISOLATION = MainActor;
				SWIFT_EMIT_LOC_STRINGS = YES;
				SWIFT_OBJC_BRIDGING_HEADER = "Savari/Savari-Bridging-Header.h";
				SWIFT_OPTIMIZATION_LEVEL = "-Onone";
				SWIFT_UPCOMING_FEATURE_MEMBER_IMPORT_VISIBILITY = YES;
				SWIFT_VERSION = 5.0;
				TARGETED_DEVICE_FAMILY = "1,2";
			};
			name = Debug;
		};
		D15410062E97F75D00977B1D /* Release */ = {
			isa = XCBuildConfiguration;
			buildSettings = {
				ASSETCATALOG_COMPILER_APPICON_NAME = AppIcon;
				ASSETCATALOG_COMPILER_GLOBAL_ACCENT_COLOR_NAME = AccentColor;
				CLANG_ENABLE_MODULES = YES;
				CODE_SIGN_ENTITLEMENTS = Savari/Savari.entitlements;
				CODE_SIGN_STYLE = Automatic;
				CURRENT_PROJECT_VERSION = 1;
				DEVELOPMENT_TEAM = RBLBKM3W74;
				ENABLE_PREVIEWS = YES;
				GENERATE_INFOPLIST_FILE = YES;
				INFOPLIST_FILE = Savari/Info.plist;
				"INFOPLIST_KEY_UIApplicationSceneManifest_Generation[sdk=iphoneos*]" = YES;
				"INFOPLIST_KEY_UIApplicationSceneManifest_Generation[sdk=iphonesimulator*]" = YES;
				"INFOPLIST_KEY_UIApplicationSupportsIndirectInputEvents[sdk=iphoneos*]" = YES;
				"INFOPLIST_KEY_UIApplicationSupportsIndirectInputEvents[sdk=iphonesimulator*]" = YES;
				"INFOPLIST_KEY_UILaunchScreen_Generation[sdk=iphoneos*]" = YES;
				"INFOPLIST_KEY_UILaunchScreen_Generation[sdk=iphonesimulator*]" = YES;
				"INFOPLIST_KEY_UIStatusBarStyle[sdk=iphoneos*]" = UIStatusBarStyleDefault;
				"INFOPLIST_KEY_UIStatusBarStyle[sdk=iphonesimulator*]" = UIStatusBarStyleDefault;
				INFOPLIST_KEY_UISupportedInterfaceOrientations_iPad = "UIInterfaceOrientationPortrait UIInterfaceOrientationPortraitUpsideDown UIInterfaceOrientationLandscapeLeft UIInterfaceOrientationLandscapeRight";
				INFOPLIST_KEY_UISupportedInterfaceOrientations_iPhone = "UIInterfaceOrientationPortrait UIInterfaceOrientationLandscapeLeft UIInterfaceOrientationLandscapeRight";
				IPHONEOS_DEPLOYMENT_TARGET = 17.0;
				LD_RUNPATH_SEARCH_PATHS = "@executable_path/Frameworks";
				MARKETING_VERSION = 1.0;
				PRODUCT_BUNDLE_IDENTIFIER = furqan.Savari;
				PRODUCT_NAME = "$(TARGET_NAME)";
				REGISTER_APP_GROUPS = YES;
				SDKROOT = iphoneos;
				STRING_CATALOG_GENERATE_SYMBOLS = YES;
				SUPPORTED_PLATFORMS = "iphoneos iphonesimulator";
				SWIFT_APPROACHABLE_CONCURRENCY = YES;
				SWIFT_DEFAULT_ACTOR_ISOLATION = MainActor;
				SWIFT_EMIT_LOC_STRINGS = YES;
				SWIFT_OBJC_BRIDGING_HEADER = "Savari/Savari-Bridging-Header.h";
				SWIFT_UPCOMING_FEATURE_MEMBER_IMPORT_VISIBILITY = YES;
				SWIFT_VERSION = 5.0;
				TARGETED_DEVICE_FAMILY = "1,2";
			};
			name = Release;
		};
		D15410072E97F75D00977B1D /* Debug */ = {
			isa = XCBuildConfiguration;
			buildSettings = {
				ALWAYS_SEARCH_USER_PATHS = NO;
				ASSETCATALOG_COMPILER_GENERATE_SWIFT_ASSET_SYMBOL_EXTENSIONS = YES;
				CLANG_ANALYZER_NONNULL = YES;
				CLANG_ANALYZER_NUMBER_OBJECT_CONVERSION = YES_AGGRESSIVE;
				CLANG_CXX_LANGUAGE_STANDARD = "gnu++20";
				CLANG_ENABLE_MODULES = YES;
				CLANG_ENABLE_OBJC_ARC = YES;
				CLANG_ENABLE_OBJC_WEAK = YES;
				CLANG_WARN_BLOCK_CAPTURE_AUTORELEASING = YES;
				CLANG_WARN_BOOL_CONVERSION = YES;
				CLANG_WARN_COMMA = YES;
				CLANG_WARN_CONSTANT_CONVERSION = YES;
				CLANG_WARN_DEPRECATED_OBJC_IMPLEMENTATIONS = YES;
				CLANG_WARN_DIRECT_OBJC_ISA_USAGE = YES_ERROR;
				CLANG_WARN_DOCUMENTATION_COMMENTS = YES;
				CLANG_WARN_EMPTY_BODY = YES;
				CLANG_WARN_ENUM_CONVERSION = YES;
				CLANG_WARN_INFINITE_RECURSION = YES;
				CLANG_WARN_INT_CONVERSION = YES;
				CLANG_WARN_NON_LITERAL_NULL_CONVERSION = YES;
				CLANG_WARN_OBJC_IMPLICIT_RETAIN_SELF = YES;
				CLANG_WARN_OBJC_LITERAL_CONVERSION = YES;
				CLANG_WARN_OBJC_ROOT_CLASS = YES_ERROR;
				CLANG_WARN_QUOTED_INCLUDE_IN_FRAMEWORK_HEADER = YES;
				CLANG_WARN_RANGE_LOOP_ANALYSIS = YES;
				CLANG_WARN_STRICT_PROTOTYPES = YES;
				CLANG_WARN_SUSPICIOUS_MOVE = YES;
				CLANG_WARN_UNGUARDED_AVAILABILITY = YES_AGGRESSIVE;
				CLANG_WARN_UNREACHABLE_CODE = YES;
				CLANG_WARN__DUPLICATE_METHOD_MATCH = YES;
				COPY_PHASE_STRIP = NO;
				DEAD_CODE_STRIPPING = YES;
				DEBUG_INFORMATION_FORMAT = dwarf;
				DEVELOPMENT_TEAM = RBLBKM3W74;
				ENABLE_STRICT_OBJC_MSGSEND = YES;
				ENABLE_TESTABILITY = YES;
				ENABLE_USER_SCRIPT_SANDBOXING = YES;
				GCC_C_LANGUAGE_STANDARD = gnu17;
				GCC_DYNAMIC_NO_PIC = NO;
				GCC_NO_COMMON_BLOCKS = YES;
				GCC_OPTIMIZATION_LEVEL = 0;
				GCC_PREPROCESSOR_DEFINITIONS = (
					"DEBUG=1",
					"$(inherited)",
				);
				GCC_WARN_64_TO_32_BIT_CONVERSION = YES;
				GCC_WARN_ABOUT_RETURN_TYPE = YES_ERROR;
				GCC_WARN_UNDECLARED_SELECTOR = YES;
				GCC_WARN_UNINITIALIZED_AUTOS = YES_AGGRESSIVE;
				GCC_WARN_UNUSED_FUNCTION = YES;
				GCC_WARN_UNUSED_VARIABLE = YES;
				LOCALIZATION_PREFERS_STRING_CATALOGS = YES;
				MTL_ENABLE_DEBUG_INFO = INCLUDE_SOURCE;
				MTL_FAST_MATH = YES;
				ONLY_ACTIVE_ARCH = YES;
				STRING_CATALOG_GENERATE_SYMBOLS = YES;
				SWIFT_ACTIVE_COMPILATION_CONDITIONS = "DEBUG $(inherited)";
				SWIFT_OPTIMIZATION_LEVEL = "-Onone";
			};
			name = Debug;
		};
		D15410082E97F75D00977B1D /* Release */ = {
			isa = XCBuildConfiguration;
			buildSettings = {
				ALWAYS_SEARCH_USER_PATHS = NO;
				ASSETCATALOG_COMPILER_GENERATE_SWIFT_ASSET_SYMBOL_EXTENSIONS = YES;
				CLANG_ANALYZER_NONNULL = YES;
				CLANG_ANALYZER_NUMBER_OBJECT_CONVERSION = YES_AGGRESSIVE;
				CLANG_CXX_LANGUAGE_STANDARD = "gnu++20";
				CLANG_ENABLE_MODULES = YES;
				CLANG_ENABLE_OBJC_ARC = YES;
				CLANG_ENABLE_OBJC_WEAK = YES;
				CLANG_WARN_BLOCK_CAPTURE_AUTORELEASING = YES;
				CLANG_WARN_BOOL_CONVERSION = YES;
				CLANG_WARN_COMMA = YES;
				CLANG_WARN_CONSTANT_CONVERSION = YES;
				CLANG_WARN_DEPRECATED_OBJC_IMPLEMENTATIONS = YES;
				CLANG_WARN_DIRECT_OBJC_ISA_USAGE = YES_ERROR;
				CLANG_WARN_DOCUMENTATION_COMMENTS = YES;
				CLANG_WARN_EMPTY_BODY = YES;
				CLANG_WARN_ENUM_CONVERSION = YES;
				CLANG_WARN_INFINITE_RECURSION = YES;
				CLANG_WARN_INT_CONVERSION = YES;
				CLANG_WARN_NON_LITERAL_NULL_CONVERSION = YES;
				CLANG_WARN_OBJC_IMPLICIT_RETAIN_SELF = YES;
				CLANG_WARN_OBJC_LITERAL_CONVERSION = YES;
				CLANG_WARN_OBJC_ROOT_CLASS = YES_ERROR;
				CLANG_WARN_QUOTED_INCLUDE_IN_FRAMEWORK_HEADER = YES;
				CLANG_WARN_RANGE_LOOP_ANALYSIS = YES;
				CLANG_WARN_STRICT_PROTOTYPES = YES;
				CLANG_WARN_SUSPICIOUS_MOVE = YES;
				CLANG_WARN_UNGUARDED_AVAILABILITY = YES_AGGRESSIVE;
				CLANG_WARN_UNREACHABLE_CODE = YES;
				CLANG_WARN__DUPLICATE_METHOD_MATCH = YES;
				COPY_PHASE_STRIP = NO;
				DEAD_CODE_STRIPPING = YES;
				DEBUG_INFORMATION_FORMAT = "dwarf-with-dsym";
				DEVELOPMENT_TEAM = RBLBKM3W74;
				ENABLE_NS_ASSERTIONS = NO;
				ENABLE_STRICT_OBJC_MSGSEND = YES;
				ENABLE_USER_SCRIPT_SANDBOXING = YES;
				GCC_C_LANGUAGE_STANDARD = gnu17;
				GCC_NO_COMMON_BLOCKS = YES;
				GCC_WARN_64_TO_32_BIT_CONVERSION = YES;
				GCC_WARN_ABOUT_RETURN_TYPE = YES_ERROR;
				GCC_WARN_UNDECLARED_SELECTOR = YES;
				GCC_WARN_UNINITIALIZED_AUTOS = YES_AGGRESSIVE;
				GCC_WARN_UNUSED_FUNCTION = YES;
				GCC_WARN_UNUSED_VARIABLE = YES;
				LOCALIZATION_PREFERS_STRING_CATALOGS = YES;
				MTL_ENABLE_DEBUG_INFO = NO;
				MTL_FAST_MATH = YES;
				STRING_CATALOG_GENERATE_SYMBOLS = YES;
				SWIFT_COMPILATION_MODE = wholemodule;
			};
			name = Release;
		};
		D154100A2E97F75D00977B1D /* Debug */ = {
			isa = XCBuildConfiguration;
			buildSettings = {
				BUNDLE_LOADER = "$(TEST_HOST)";
				CODE_SIGN_STYLE = Automatic;
				CURRENT_PROJECT_VERSION = 1;
				DEVELOPMENT_TEAM = RBLBKM3W74;
				GENERATE_INFOPLIST_FILE = YES;
				IPHONEOS_DEPLOYMENT_TARGET = 17.0;
				MARKETING_VERSION = 1.0;
				PRODUCT_BUNDLE_IDENTIFIER = furqan.SavariTests;
				PRODUCT_NAME = "$(TARGET_NAME)";
				SDKROOT = iphoneos;
				STRING_CATALOG_GENERATE_SYMBOLS = NO;
				SUPPORTED_PLATFORMS = "iphoneos iphonesimulator";
				SWIFT_APPROACHABLE_CONCURRENCY = YES;
				SWIFT_EMIT_LOC_STRINGS = NO;
				SWIFT_UPCOMING_FEATURE_MEMBER_IMPORT_VISIBILITY = YES;
				SWIFT_VERSION = 5.0;
				TARGETED_DEVICE_FAMILY = "1,2";
				TEST_HOST = "$(BUILT_PRODUCTS_DIR)/Savari.app/$(BUNDLE_EXECUTABLE_FOLDER_PATH)/Savari";
			};
			name = Debug;
		};
		D154100B2E97F75D00977B1D /* Release */ = {
			isa = XCBuildConfiguration;
			buildSettings = {
				BUNDLE_LOADER = "$(TEST_HOST)";
				CODE_SIGN_STYLE = Automatic;
				CURRENT_PROJECT_VERSION = 1;
				DEVELOPMENT_TEAM = RBLBKM3W74;
				GENERATE_INFOPLIST_FILE = YES;
				IPHONEOS_DEPLOYMENT_TARGET = 17.0;
				MARKETING_VERSION = 1.0;
				PRODUCT_BUNDLE_IDENTIFIER = furqan.SavariTests;
				PRODUCT_NAME = "$(TARGET_NAME)";
				SDKROOT = iphoneos;
				STRING_CATALOG_GENERATE_SYMBOLS = NO;
				SUPPORTED_PLATFORMS = "iphoneos iphonesimulator";
				SWIFT_APPROACHABLE_CONCURRENCY = YES;
				SWIFT_EMIT_LOC_STRINGS = NO;
				SWIFT_UPCOMING_FEATURE_MEMBER_IMPORT_VISIBILITY = YES;
				SWIFT_VERSION = 5.0;
				TARGETED_DEVICE_FAMILY = "1,2";
				TEST_HOST = "$(BUILT_PRODUCTS_DIR)/Savari.app/$(BUNDLE_EXECUTABLE_FOLDER_PATH)/Savari";
			};
			name = Release;
		};
		D154100D2E97F75D00977B1D /* Debug */ = {
			isa = XCBuildConfiguration;
			buildSettings = {
				CODE_SIGN_STYLE = Automatic;
				CURRENT_PROJECT_VERSION = 1;
				DEVELOPMENT_TEAM = RBLBKM3W74;
				GENERATE_INFOPLIST_FILE = YES;
				IPHONEOS_DEPLOYMENT_TARGET = 17.0;
				MARKETING_VERSION = 1.0;
				PRODUCT_BUNDLE_IDENTIFIER = furqan.SavariUITests;
				PRODUCT_NAME = "$(TARGET_NAME)";
				SDKROOT = iphoneos;
				STRING_CATALOG_GENERATE_SYMBOLS = NO;
				SUPPORTED_PLATFORMS = "iphoneos iphonesimulator";
				SWIFT_APPROACHABLE_CONCURRENCY = YES;
				SWIFT_EMIT_LOC_STRINGS = NO;
				SWIFT_UPCOMING_FEATURE_MEMBER_IMPORT_VISIBILITY = YES;
				SWIFT_VERSION = 5.0;
				TARGETED_DEVICE_FAMILY = "1,2";
				TEST_TARGET_NAME = Savari;
			};
			name = Debug;
		};
		D154100E2E97F75D00977B1D /* Release */ = {
			isa = XCBuildConfiguration;
			buildSettings = {
				CODE_SIGN_STYLE = Automatic;
				CURRENT_PROJECT_VERSION = 1;
				DEVELOPMENT_TEAM = RBLBKM3W74;
				GENERATE_INFOPLIST_FILE = YES;
				IPHONEOS_DEPLOYMENT_TARGET = 17.0;
				MARKETING_VERSION = 1.0;
				PRODUCT_BUNDLE_IDENTIFIER = furqan.SavariUITests;
				PRODUCT_NAME = "$(TARGET_NAME)";
				SDKROOT = iphoneos;
				STRING_CATALOG_GENERATE_SYMBOLS = NO;
				SUPPORTED_PLATFORMS = "iphoneos iphonesimulator";
				SWIFT_APPROACHABLE_CONCURRENCY = YES;
				SWIFT_EMIT_LOC_STRINGS = NO;
				SWIFT_UPCOMING_FEATURE_MEMBER_IMPORT_VISIBILITY = YES;
				SWIFT_VERSION = 5.0;
				TARGETED_DEVICE_FAMILY = "1,2";
				TEST_TARGET_NAME = Savari;
			};
			name = Release;
		};
/* End XCBuildConfiguration section */

/* Begin XCConfigurationList section */
		D1540FDB2E97F75A00977B1D /* Build configuration list for PBXProject "Savari" */ = {
			isa = XCConfigurationList;
			buildConfigurations = (
				D15410072E97F75D00977B1D /* Debug */,
				D15410082E97F75D00977B1D /* Release */,
			);
			defaultConfigurationIsVisible = 0;
			defaultConfigurationName = Release;
		};
		D15410042E97F75D00977B1D /* Build configuration list for PBXNativeTarget "Savari" */ = {
			isa = XCConfigurationList;
			buildConfigurations = (
				D15410052E97F75D00977B1D /* Debug */,
				D15410062E97F75D00977B1D /* Release */,
			);
			defaultConfigurationIsVisible = 0;
			defaultConfigurationName = Release;
		};
		D15410092E97F75D00977B1D /* Build configuration list for PBXNativeTarget "SavariTests" */ = {
			isa = XCConfigurationList;
			buildConfigurations = (
				D154100A2E97F75D00977B1D /* Debug */,
				D154100B2E97F75D00977B1D /* Release */,
			);
			defaultConfigurationIsVisible = 0;
			defaultConfigurationName = Release;
		};
		D154100C2E97F75D00977B1D /* Build configuration list for PBXNativeTarget "SavariUITests" */ = {
			isa = XCConfigurationList;
			buildConfigurations = (
				D154100D2E97F75D00977B1D /* Debug */,
				D154100E2E97F75D00977B1D /* Release */,
			);
			defaultConfigurationIsVisible = 0;
			defaultConfigurationName = Release;
		};
/* End XCConfigurationList section */

/* Begin XCRemoteSwiftPackageReference section */
		D1EE91D72EB6DF87007E5FFC /* XCRemoteSwiftPackageReference "supabase-swift" */ = {
			isa = XCRemoteSwiftPackageReference;
			repositoryURL = "https://github.com/supabase/supabase-swift";
			requirement = {
				kind = upToNextMajorVersion;
				minimumVersion = 2.5.1;
			};
		};
		D1EEE96D2E9D348D001B7D60 /* XCRemoteSwiftPackageReference "GoogleSignIn-iOS" */ = {
			isa = XCRemoteSwiftPackageReference;
			repositoryURL = "https://github.com/google/GoogleSignIn-iOS";
			requirement = {
				kind = upToNextMajorVersion;
				minimumVersion = 9.0.0;
			};
		};
/* End XCRemoteSwiftPackageReference section */

/* Begin XCSwiftPackageProductDependency section */
		D1EE91D82EB6DF87007E5FFC /* Auth */ = {
			isa = XCSwiftPackageProductDependency;
			package = D1EE91D72EB6DF87007E5FFC /* XCRemoteSwiftPackageReference "supabase-swift" */;
			productName = Auth;
		};
		D1EE91DA2EB6DF87007E5FFC /* Functions */ = {
			isa = XCSwiftPackageProductDependency;
			package = D1EE91D72EB6DF87007E5FFC /* XCRemoteSwiftPackageReference "supabase-swift" */;
			productName = Functions;
		};
		D1EE91DC2EB6DF87007E5FFC /* PostgREST */ = {
			isa = XCSwiftPackageProductDependency;
			package = D1EE91D72EB6DF87007E5FFC /* XCRemoteSwiftPackageReference "supabase-swift" */;
			productName = PostgREST;
		};
		D1EE91DE2EB6DF87007E5FFC /* Realtime */ = {
			isa = XCSwiftPackageProductDependency;
			package = D1EE91D72EB6DF87007E5FFC /* XCRemoteSwiftPackageReference "supabase-swift" */;
			productName = Realtime;
		};
		D1EE91E02EB6DF87007E5FFC /* Storage */ = {
			isa = XCSwiftPackageProductDependency;
			package = D1EE91D72EB6DF87007E5FFC /* XCRemoteSwiftPackageReference "supabase-swift" */;
			productName = Storage;
		};
		D1EE91E22EB6DF87007E5FFC /* Supabase */ = {
			isa = XCSwiftPackageProductDependency;
			package = D1EE91D72EB6DF87007E5FFC /* XCRemoteSwiftPackageReference "supabase-swift" */;
			productName = Supabase;
		};
		D1EEE96E2E9D348D001B7D60 /* GoogleSignIn */ = {
			isa = XCSwiftPackageProductDependency;
			package = D1EEE96D2E9D348D001B7D60 /* XCRemoteSwiftPackageReference "GoogleSignIn-iOS" */;
			productName = GoogleSignIn;
		};
		D1EEE9702E9D348D001B7D60 /* GoogleSignInSwift */ = {
			isa = XCSwiftPackageProductDependency;
			package = D1EEE96D2E9D348D001B7D60 /* XCRemoteSwiftPackageReference "GoogleSignIn-iOS" */;
			productName = GoogleSignInSwift;
		};
/* End XCSwiftPackageProductDependency section */
	};
	rootObject = D1540FD82E97F75A00977B1D /* Project object */;
}
