// !$*UTF8*$!
{
	archiveVersion = 1;
	classes = {
	};
	objectVersion = 46;
	objects = {

/* Begin PBXBuildFile section */
		13F6641909457C06B89C50B4 /* DastakAdminApp.swift in Sources */ = {isa = PBXBuildFile; fileRef = B7393478D80AEBF6ECFAD3B6 /* DastakAdminApp.swift */; };
		4A4A4A4A4A4A4A4A4A4A4A4A /* AuthenticationCoordinatorTests.swift in Sources */ = {isa = PBXBuildFile; fileRef = 4B4B4B4B4B4B4B4B4B4B4B4B /* AuthenticationCoordinatorTests.swift */; };
		6A6A6A6A6A6A6A6A6A6A6A6A /* DastakAuthenticationCoordinator.swift in Sources */ = {isa = PBXBuildFile; fileRef = 6B6B6B6B6B6B6B6B6B6B6B6B /* DastakAuthenticationCoordinator.swift */; };
		8AFEEAE74C2015D794184C53 /* DastakMerchantApp.swift in Sources */ = {isa = PBXBuildFile; fileRef = BEB67F3237F03ECACBB65E3D /* DastakMerchantApp.swift */; };
		718718718718718718718718 /* MarketplaceInfrastructure in Frameworks */ = {isa = PBXBuildFile; productRef = 712712712712712712712712 /* MarketplaceInfrastructure */; };
		719719719719719719719719 /* MarketplaceFoundation in Frameworks */ = {isa = PBXBuildFile; productRef = 713713713713713713713713 /* MarketplaceFoundation */; };
		71A71A71A71A71A71A71A71A /* MarketplaceInfrastructure in Frameworks */ = {isa = PBXBuildFile; productRef = 714714714714714714714714 /* MarketplaceInfrastructure */; };
		71B71B71B71B71B71B71B71B /* MarketplaceFoundation in Frameworks */ = {isa = PBXBuildFile; productRef = 715715715715715715715715 /* MarketplaceFoundation */; };
		71C71C71C71C71C71C71C71C /* MarketplaceInfrastructure in Frameworks */ = {isa = PBXBuildFile; productRef = 716716716716716716716716 /* MarketplaceInfrastructure */; };
		71D71D71D71D71D71D71D71D /* MarketplaceInfrastructure in Frameworks */ = {isa = PBXBuildFile; productRef = 717717717717717717717717 /* MarketplaceInfrastructure */; };
		D3D3D3D3D3D3D3D3D3D3D3D3 /* DastakDomain in Frameworks */ = {isa = PBXBuildFile; productRef = D1D1D1D1D1D1D1D1D1D1D1D1 /* DastakDomain */; };
		D4D4D4D4D4D4D4D4D4D4D4D4 /* DastakDomain in Frameworks */ = {isa = PBXBuildFile; productRef = D2D2D2D2D2D2D2D2D2D2D2D2 /* DastakDomain */; };
		D7D7D7D7D7D7D7D7D7D7D7D7 /* DastakDomain in Frameworks */ = {isa = PBXBuildFile; productRef = D5D5D5D5D5D5D5D5D5D5D5D5 /* DastakDomain */; };
		D8D8D8D8D8D8D8D8D8D8D8D8 /* DastakDomain in Frameworks */ = {isa = PBXBuildFile; productRef = D6D6D6D6D6D6D6D6D6D6D6D6 /* DastakDomain */; };
		E10000000000000000000001 /* MarketplaceDesignSystem in Frameworks */ = {isa = PBXBuildFile; productRef = E20000000000000000000001 /* MarketplaceDesignSystem */; };
		E10000000000000000000002 /* MarketplaceDesignSystem in Frameworks */ = {isa = PBXBuildFile; productRef = E20000000000000000000002 /* MarketplaceDesignSystem */; };
		E10000000000000000000003 /* MarketplaceDesignSystem in Frameworks */ = {isa = PBXBuildFile; productRef = E20000000000000000000003 /* MarketplaceDesignSystem */; };
		8BD8AB4722E60D5D1B9E394E /* DastakTests.swift in Sources */ = {isa = PBXBuildFile; fileRef = B1F4AF8EF952C8FE288A2E29 /* DastakTests.swift */; };
		8D69905E9C394A25AFD4CBC4 /* DastakMerchantTests.swift in Sources */ = {isa = PBXBuildFile; fileRef = 06C142CB347F221ACF0D27CD /* DastakMerchantTests.swift */; };
		9406EE4208344F5EE4BBDDEA /* DastakAdminTests.swift in Sources */ = {isa = PBXBuildFile; fileRef = 5B904E5C6BCAD41FF8BEE5FC /* DastakAdminTests.swift */; };
		DD61A65FDF5ABEF81F0E8F48 /* DastakApp.swift in Sources */ = {isa = PBXBuildFile; fileRef = 8E456A8A893F0026149CA7C8 /* DastakApp.swift */; };
/* End PBXBuildFile section */

/* Begin PBXContainerItemProxy section */
		31EB6F9051D227E27C1FA44F /* PBXContainerItemProxy */ = {
			isa = PBXContainerItemProxy;
			containerPortal = DA806623C44B40C468E7FAE4 /* Project object */;
			proxyType = 1;
			remoteGlobalIDString = 486131F6E4C0B6F10ADA3BE7;
			remoteInfo = DastakAdmin;
		};
		4047DF4FB9F02F8B530EA980 /* PBXContainerItemProxy */ = {
			isa = PBXContainerItemProxy;
			containerPortal = DA806623C44B40C468E7FAE4 /* Project object */;
			proxyType = 1;
			remoteGlobalIDString = 88E70E6AF4428C4AB51DDD84;
			remoteInfo = DastakMerchant;
		};
		73339EDAABB336E3FEFF5C12 /* PBXContainerItemProxy */ = {
			isa = PBXContainerItemProxy;
			containerPortal = DA806623C44B40C468E7FAE4 /* Project object */;
			proxyType = 1;
			remoteGlobalIDString = 51D58DF103DED824F85DD03F;
			remoteInfo = Dastak;
		};
/* End PBXContainerItemProxy section */

/* Begin PBXFileReference section */
		B1B1B1B1B1B1B1B1B1B1B1B1 /* Defaults.xcconfig */ = {isa = PBXFileReference; lastKnownFileType = text.xcconfig; path = Defaults.xcconfig; sourceTree = "<group>"; };
		06C142CB347F221ACF0D27CD /* DastakMerchantTests.swift */ = {isa = PBXFileReference; includeInIndex = 1; lastKnownFileType = sourcecode.swift; path = DastakMerchantTests.swift; sourceTree = "<group>"; };
		4B4B4B4B4B4B4B4B4B4B4B4B /* AuthenticationCoordinatorTests.swift */ = {isa = PBXFileReference; includeInIndex = 1; lastKnownFileType = sourcecode.swift; path = AuthenticationCoordinatorTests.swift; sourceTree = "<group>"; };
		6B6B6B6B6B6B6B6B6B6B6B6B /* DastakAuthenticationCoordinator.swift */ = {isa = PBXFileReference; includeInIndex = 1; lastKnownFileType = sourcecode.swift; path = DastakAuthenticationCoordinator.swift; sourceTree = "<group>"; };
		6D6D6D6D6D6D6D6D6D6D6D6D /* Info.plist */ = {isa = PBXFileReference; includeInIndex = 1; lastKnownFileType = text.plist.xml; path = Info.plist; sourceTree = "<group>"; };
		6E6E6E6E6E6E6E6E6E6E6E6E /* SignInWithApple.entitlements */ = {isa = PBXFileReference; includeInIndex = 1; lastKnownFileType = text.plist.entitlements; path = SignInWithApple.entitlements; sourceTree = "<group>"; };
		1B380B0452B976BF2A5DE99B /* DastakAdminTests.xctest */ = {isa = PBXFileReference; explicitFileType = wrapper.cfbundle; includeInIndex = 0; path = DastakAdminTests.xctest; sourceTree = BUILT_PRODUCTS_DIR; };
		3DBF380F1FE1D56B113DBFBD /* DastakMerchantTests.xctest */ = {isa = PBXFileReference; explicitFileType = wrapper.cfbundle; includeInIndex = 0; path = DastakMerchantTests.xctest; sourceTree = BUILT_PRODUCTS_DIR; };
		3E142EFC320F2584292AC456 /* DastakMerchant.app */ = {isa = PBXFileReference; explicitFileType = wrapper.application; includeInIndex = 0; path = DastakMerchant.app; sourceTree = BUILT_PRODUCTS_DIR; };
		5B904E5C6BCAD41FF8BEE5FC /* DastakAdminTests.swift */ = {isa = PBXFileReference; includeInIndex = 1; lastKnownFileType = sourcecode.swift; path = DastakAdminTests.swift; sourceTree = "<group>"; };
		8D878A197BA6A8D855996FD1 /* Dastak.app */ = {isa = PBXFileReference; explicitFileType = wrapper.application; includeInIndex = 0; path = Dastak.app; sourceTree = BUILT_PRODUCTS_DIR; };
		8E456A8A893F0026149CA7C8 /* DastakApp.swift */ = {isa = PBXFileReference; includeInIndex = 1; lastKnownFileType = sourcecode.swift; path = DastakApp.swift; sourceTree = "<group>"; };
		96E4578B39A3763443EF5598 /* DastakAdmin.app */ = {isa = PBXFileReference; explicitFileType = wrapper.application; includeInIndex = 0; path = DastakAdmin.app; sourceTree = BUILT_PRODUCTS_DIR; };
		B1F4AF8EF952C8FE288A2E29 /* DastakTests.swift */ = {isa = PBXFileReference; includeInIndex = 1; lastKnownFileType = sourcecode.swift; path = DastakTests.swift; sourceTree = "<group>"; };
		B7393478D80AEBF6ECFAD3B6 /* DastakAdminApp.swift */ = {isa = PBXFileReference; includeInIndex = 1; lastKnownFileType = sourcecode.swift; path = DastakAdminApp.swift; sourceTree = "<group>"; };
		BEB67F3237F03ECACBB65E3D /* DastakMerchantApp.swift */ = {isa = PBXFileReference; includeInIndex = 1; lastKnownFileType = sourcecode.swift; path = DastakMerchantApp.swift; sourceTree = "<group>"; };
		FB01BEB49EC50B8C67ADAB6D /* DastakTests.xctest */ = {isa = PBXFileReference; explicitFileType = wrapper.cfbundle; includeInIndex = 0; path = DastakTests.xctest; sourceTree = BUILT_PRODUCTS_DIR; };
/* End PBXFileReference section */

/* Begin PBXFrameworksBuildPhase section */
		03A1122FE2791C3B8833B693 /* Frameworks */ = {
			isa = PBXFrameworksBuildPhase;
			buildActionMask = 2147483647;
			files = (
			);
			runOnlyForDeploymentPostprocessing = 0;
		};
		96DF3FB5AA8012AB3FB7ABA3 /* Frameworks */ = {
			isa = PBXFrameworksBuildPhase;
			buildActionMask = 2147483647;
			files = (
				D7D7D7D7D7D7D7D7D7D7D7D7 /* DastakDomain in Frameworks */,
				71C71C71C71C71C71C71C71C /* MarketplaceInfrastructure in Frameworks */,
				E10000000000000000000002 /* MarketplaceDesignSystem in Frameworks */,
			);
			runOnlyForDeploymentPostprocessing = 0;
		};
		A1FBE617D2D8D5BA9391A1D6 /* Frameworks */ = {
			isa = PBXFrameworksBuildPhase;
			buildActionMask = 2147483647;
			files = (
				D4D4D4D4D4D4D4D4D4D4D4D4 /* DastakDomain in Frameworks */,
				71B71B71B71B71B71B71B71B /* MarketplaceFoundation in Frameworks */,
				71A71A71A71A71A71A71A71A /* MarketplaceInfrastructure in Frameworks */,
			);
			runOnlyForDeploymentPostprocessing = 0;
		};
		E23A9BDDF3C12FBD199788FE /* Frameworks */ = {
			isa = PBXFrameworksBuildPhase;
			buildActionMask = 2147483647;
			files = (
			);
			runOnlyForDeploymentPostprocessing = 0;
		};
		E3AA1710FAF7B95D4687666E /* Frameworks */ = {
			isa = PBXFrameworksBuildPhase;
			buildActionMask = 2147483647;
			files = (
				D3D3D3D3D3D3D3D3D3D3D3D3 /* DastakDomain in Frameworks */,
				719719719719719719719719 /* MarketplaceFoundation in Frameworks */,
				718718718718718718718718 /* MarketplaceInfrastructure in Frameworks */,
				E10000000000000000000001 /* MarketplaceDesignSystem in Frameworks */,
			);
			runOnlyForDeploymentPostprocessing = 0;
		};
		FE50F9C3C4A851C29EB604D5 /* Frameworks */ = {
			isa = PBXFrameworksBuildPhase;
			buildActionMask = 2147483647;
			files = (
				D8D8D8D8D8D8D8D8D8D8D8D8 /* DastakDomain in Frameworks */,
				71D71D71D71D71D71D71D71D /* MarketplaceInfrastructure in Frameworks */,
				E10000000000000000000003 /* MarketplaceDesignSystem in Frameworks */,
			);
			runOnlyForDeploymentPostprocessing = 0;
		};
/* End PBXFrameworksBuildPhase section */

/* Begin PBXGroup section */
		05E66D5BB2F1192F69B3775D /* Products */ = {
			isa = PBXGroup;
			children = (
				8D878A197BA6A8D855996FD1 /* Dastak.app */,
				FB01BEB49EC50B8C67ADAB6D /* DastakTests.xctest */,
				3E142EFC320F2584292AC456 /* DastakMerchant.app */,
				3DBF380F1FE1D56B113DBFBD /* DastakMerchantTests.xctest */,
				96E4578B39A3763443EF5598 /* DastakAdmin.app */,
				1B380B0452B976BF2A5DE99B /* DastakAdminTests.xctest */,
			);
			name = Products;
			sourceTree = "<group>";
		};
		0ACFAC0E041AEE72689D15B3 /* Sources */ = {
			isa = PBXGroup;
			children = (
				AA51E9C705268647BA43BFC8 /* Dastak */,
				70C81D61DC07E54F4725F3F8 /* DastakMerchant */,
				4E475333315343BD50AD62A2 /* DastakAdmin */,
			);
			name = Sources;
			path = Sources;
			sourceTree = "<group>";
		};
		B2B2B2B2B2B2B2B2B2B2B2B2 /* Configuration */ = {
			isa = PBXGroup;
			children = (
				B1B1B1B1B1B1B1B1B1B1B1B1 /* Defaults.xcconfig */,
			);
			name = Configuration;
			path = Configuration;
			sourceTree = "<group>";
		};
		4E475333315343BD50AD62A2 /* DastakAdmin */ = {
			isa = PBXGroup;
			children = (
				B7393478D80AEBF6ECFAD3B6 /* DastakAdminApp.swift */,
			);
			name = DastakAdmin;
			path = DastakAdmin;
			sourceTree = "<group>";
		};
		70C81D61DC07E54F4725F3F8 /* DastakMerchant */ = {
			isa = PBXGroup;
			children = (
				BEB67F3237F03ECACBB65E3D /* DastakMerchantApp.swift */,
			);
			name = DastakMerchant;
			path = DastakMerchant;
			sourceTree = "<group>";
		};
		8CC467D2AECA16432D57D1A3 /* DastakTests */ = {
			isa = PBXGroup;
			children = (
				4B4B4B4B4B4B4B4B4B4B4B4B /* AuthenticationCoordinatorTests.swift */,
				B1F4AF8EF952C8FE288A2E29 /* DastakTests.swift */,
			);
			name = DastakTests;
			path = DastakTests;
			sourceTree = "<group>";
		};
		9B622917E368C0F8A8104F10 /* Frameworks */ = {
			isa = PBXGroup;
			children = (
			);
			name = Frameworks;
			sourceTree = "<group>";
		};
		9F125CA5522CCA50ED84FA02 /* DastakMerchantTests */ = {
			isa = PBXGroup;
			children = (
				06C142CB347F221ACF0D27CD /* DastakMerchantTests.swift */,
			);
			name = DastakMerchantTests;
			path = DastakMerchantTests;
			sourceTree = "<group>";
		};
		AA51E9C705268647BA43BFC8 /* Dastak */ = {
			isa = PBXGroup;
			children = (
				6C6C6C6C6C6C6C6C6C6C6C6C /* Auth */,
				8E456A8A893F0026149CA7C8 /* DastakApp.swift */,
			);
			name = Dastak;
			path = Dastak;
			sourceTree = "<group>";
		};
		AE3CA0F12C7DC21E452D56F6 /* Tests */ = {
			isa = PBXGroup;
			children = (
				8CC467D2AECA16432D57D1A3 /* DastakTests */,
				9F125CA5522CCA50ED84FA02 /* DastakMerchantTests */,
				DAD0DFDF6D748A121B930094 /* DastakAdminTests */,
			);
			name = Tests;
			path = Tests;
			sourceTree = "<group>";
		};
		BF532B9E5E2A53EA8059EC89 = {
			isa = PBXGroup;
			children = (
				05E66D5BB2F1192F69B3775D /* Products */,
				9B622917E368C0F8A8104F10 /* Frameworks */,
				0ACFAC0E041AEE72689D15B3 /* Sources */,
				AE3CA0F12C7DC21E452D56F6 /* Tests */,
				6F6F6F6F6F6F6F6F6F6F6F6F /* Supporting */,
				B2B2B2B2B2B2B2B2B2B2B2B2 /* Configuration */,
			);
			sourceTree = "<group>";
		};
		DAD0DFDF6D748A121B930094 /* DastakAdminTests */ = {
			isa = PBXGroup;
			children = (
				5B904E5C6BCAD41FF8BEE5FC /* DastakAdminTests.swift */,
			);
			name = DastakAdminTests;
			path = DastakAdminTests;
			sourceTree = "<group>";
		};
		6C6C6C6C6C6C6C6C6C6C6C6C /* Auth */ = {
			isa = PBXGroup;
			children = (
				6B6B6B6B6B6B6B6B6B6B6B6B /* DastakAuthenticationCoordinator.swift */,
			);
			name = Auth;
			path = Auth;
			sourceTree = "<group>";
		};
		6F6F6F6F6F6F6F6F6F6F6F6F /* Supporting */ = {
			isa = PBXGroup;
			children = (
				6D6D6D6D6D6D6D6D6D6D6D6D /* Info.plist */,
				6E6E6E6E6E6E6E6E6E6E6E6E /* SignInWithApple.entitlements */,
			);
			name = Supporting;
			path = Supporting;
			sourceTree = "<group>";
		};
/* End PBXGroup section */

/* Begin PBXNativeTarget section */
		2D6F6FAF110E7243A342BB58 /* DastakAdminTests */ = {
			isa = PBXNativeTarget;
			buildConfigurationList = F16658DB8E216118961570A7 /* Build configuration list for PBXNativeTarget "DastakAdminTests" */;
			buildPhases = (
				EFAA4939AB6E6DA90A2FB680 /* Sources */,
				E23A9BDDF3C12FBD199788FE /* Frameworks */,
				C39D9CE6FF460F10F3057CB9 /* Resources */,
			);
			buildRules = (
			);
			dependencies = (
				468D2CA267C469E42E2E2082 /* PBXTargetDependency */,
			);
			name = DastakAdminTests;
			productName = DastakAdminTests;
			productReference = 1B380B0452B976BF2A5DE99B /* DastakAdminTests.xctest */;
			productType = "com.apple.product-type.bundle.unit-test";
		};
		486131F6E4C0B6F10ADA3BE7 /* DastakAdmin */ = {
			isa = PBXNativeTarget;
			buildConfigurationList = 83167DFF60FE0C7ED330AC2F /* Build configuration list for PBXNativeTarget "DastakAdmin" */;
			buildPhases = (
				55985BAD784D2B26A0D31E87 /* Sources */,
				FE50F9C3C4A851C29EB604D5 /* Frameworks */,
				1A18236D6FCECDD9D55FC5E8 /* Resources */,
			);
			buildRules = (
			);
			dependencies = (
			);
			name = DastakAdmin;
			packageProductDependencies = (
				717717717717717717717717 /* MarketplaceInfrastructure */,
				D6D6D6D6D6D6D6D6D6D6D6D6 /* DastakDomain */,
				E20000000000000000000003 /* MarketplaceDesignSystem */,
			);
			productName = DastakAdmin;
			productReference = 96E4578B39A3763443EF5598 /* DastakAdmin.app */;
			productType = "com.apple.product-type.application";
		};
		51D58DF103DED824F85DD03F /* Dastak */ = {
			isa = PBXNativeTarget;
			buildConfigurationList = DCA4595102C07AFCF304FD08 /* Build configuration list for PBXNativeTarget "Dastak" */;
			buildPhases = (
				F96AA0A39B6D1344D9E0D8F9 /* Sources */,
				E3AA1710FAF7B95D4687666E /* Frameworks */,
				22FAE9EA1381AA14B887A9EB /* Resources */,
			);
			buildRules = (
			);
			dependencies = (
			);
			name = Dastak;
			packageProductDependencies = (
				712712712712712712712712 /* MarketplaceInfrastructure */,
				713713713713713713713713 /* MarketplaceFoundation */,
				D1D1D1D1D1D1D1D1D1D1D1D1 /* DastakDomain */,
				E20000000000000000000001 /* MarketplaceDesignSystem */,
			);
			productName = Dastak;
			productReference = 8D878A197BA6A8D855996FD1 /* Dastak.app */;
			productType = "com.apple.product-type.application";
		};
		58C58211F46D4BD61CDBC757 /* DastakTests */ = {
			isa = PBXNativeTarget;
			buildConfigurationList = 7804FAB23D61296D436D1A50 /* Build configuration list for PBXNativeTarget "DastakTests" */;
			buildPhases = (
				64542ED42601EC1B12A85DAE /* Sources */,
				A1FBE617D2D8D5BA9391A1D6 /* Frameworks */,
				9A57FEDBC00D609F46731F69 /* Resources */,
			);
			buildRules = (
			);
			dependencies = (
				769B654E3EE8EF3B923B62BD /* PBXTargetDependency */,
			);
			name = DastakTests;
			packageProductDependencies = (
				714714714714714714714714 /* MarketplaceInfrastructure */,
				715715715715715715715715 /* MarketplaceFoundation */,
				D2D2D2D2D2D2D2D2D2D2D2D2 /* DastakDomain */,
			);
			productName = DastakTests;
			productReference = FB01BEB49EC50B8C67ADAB6D /* DastakTests.xctest */;
			productType = "com.apple.product-type.bundle.unit-test";
		};
		801CE6D7FB124B1E0AF4927A /* DastakMerchantTests */ = {
			isa = PBXNativeTarget;
			buildConfigurationList = 36DC8A49584031D17403CE39 /* Build configuration list for PBXNativeTarget "DastakMerchantTests" */;
			buildPhases = (
				A1F9DCC4C853C2BB268804CF /* Sources */,
				03A1122FE2791C3B8833B693 /* Frameworks */,
				6090B6D4584C0CA1FAADACAA /* Resources */,
			);
			buildRules = (
			);
			dependencies = (
				DF91D2DA7ABCD0354468CC74 /* PBXTargetDependency */,
			);
			name = DastakMerchantTests;
			productName = DastakMerchantTests;
			productReference = 3DBF380F1FE1D56B113DBFBD /* DastakMerchantTests.xctest */;
			productType = "com.apple.product-type.bundle.unit-test";
		};
		88E70E6AF4428C4AB51DDD84 /* DastakMerchant */ = {
			isa = PBXNativeTarget;
			buildConfigurationList = 0D250147FB684C13985B2E0C /* Build configuration list for PBXNativeTarget "DastakMerchant" */;
			buildPhases = (
				70F562110111213B6ADB636C /* Sources */,
				96DF3FB5AA8012AB3FB7ABA3 /* Frameworks */,
				C43F1CE5E36DA369274796DD /* Resources */,
			);
			buildRules = (
			);
			dependencies = (
			);
			name = DastakMerchant;
			packageProductDependencies = (
				716716716716716716716716 /* MarketplaceInfrastructure */,
				D5D5D5D5D5D5D5D5D5D5D5D5 /* DastakDomain */,
				E20000000000000000000002 /* MarketplaceDesignSystem */,
			);
			productName = DastakMerchant;
			productReference = 3E142EFC320F2584292AC456 /* DastakMerchant.app */;
			productType = "com.apple.product-type.application";
		};
/* End PBXNativeTarget section */

/* Begin PBXProject section */
		DA806623C44B40C468E7FAE4 /* Project object */ = {
			isa = PBXProject;
			attributes = {
				LastSwiftUpdateCheck = 2660;
				LastUpgradeCheck = 2660;
				TargetAttributes = {
					486131F6E4C0B6F10ADA3BE7 = {
						SystemCapabilities = {
							com.apple.SignInWithApple = {
								enabled = 1;
							};
						};
					};
					51D58DF103DED824F85DD03F = {
						SystemCapabilities = {
							com.apple.SignInWithApple = {
								enabled = 1;
							};
						};
					};
					88E70E6AF4428C4AB51DDD84 = {
						SystemCapabilities = {
							com.apple.SignInWithApple = {
								enabled = 1;
							};
						};
					};
				};
			};
			buildConfigurationList = FCA5315607F8712D4E6478AA /* Build configuration list for PBXProject "Dastak" */;
			compatibilityVersion = "Xcode 3.2";
			developmentRegion = en;
			hasScannedForEncodings = 0;
			knownRegions = (
				en,
				Base,
			);
			mainGroup = BF532B9E5E2A53EA8059EC89;
			minimizedProjectReferenceProxies = 0;
			packageReferences = (
				710710710710710710710710 /* XCLocalSwiftPackageReference "MarketplaceInfrastructure" */,
				711711711711711711711711 /* XCLocalSwiftPackageReference "MarketplaceFoundation" */,
				D0D0D0D0D0D0D0D0D0D0D0D0 /* XCLocalSwiftPackageReference "DastakDomain" */,
				E00000000000000000000001 /* XCLocalSwiftPackageReference "MarketplaceDesignSystem" */,
			);
			preferredProjectObjectVersion = 77;
			productRefGroup = 05E66D5BB2F1192F69B3775D /* Products */;
			projectDirPath = "";
			projectRoot = "";
			targets = (
				51D58DF103DED824F85DD03F /* Dastak */,
				58C58211F46D4BD61CDBC757 /* DastakTests */,
				88E70E6AF4428C4AB51DDD84 /* DastakMerchant */,
				801CE6D7FB124B1E0AF4927A /* DastakMerchantTests */,
				486131F6E4C0B6F10ADA3BE7 /* DastakAdmin */,
				2D6F6FAF110E7243A342BB58 /* DastakAdminTests */,
			);
		};
/* End PBXProject section */

/* Begin PBXResourcesBuildPhase section */
		1A18236D6FCECDD9D55FC5E8 /* Resources */ = {
			isa = PBXResourcesBuildPhase;
			buildActionMask = 2147483647;
			files = (
			);
			runOnlyForDeploymentPostprocessing = 0;
		};
		22FAE9EA1381AA14B887A9EB /* Resources */ = {
			isa = PBXResourcesBuildPhase;
			buildActionMask = 2147483647;
			files = (
			);
			runOnlyForDeploymentPostprocessing = 0;
		};
		6090B6D4584C0CA1FAADACAA /* Resources */ = {
			isa = PBXResourcesBuildPhase;
			buildActionMask = 2147483647;
			files = (
			);
			runOnlyForDeploymentPostprocessing = 0;
		};
		9A57FEDBC00D609F46731F69 /* Resources */ = {
			isa = PBXResourcesBuildPhase;
			buildActionMask = 2147483647;
			files = (
			);
			runOnlyForDeploymentPostprocessing = 0;
		};
		C39D9CE6FF460F10F3057CB9 /* Resources */ = {
			isa = PBXResourcesBuildPhase;
			buildActionMask = 2147483647;
			files = (
			);
			runOnlyForDeploymentPostprocessing = 0;
		};
		C43F1CE5E36DA369274796DD /* Resources */ = {
			isa = PBXResourcesBuildPhase;
			buildActionMask = 2147483647;
			files = (
			);
			runOnlyForDeploymentPostprocessing = 0;
		};
/* End PBXResourcesBuildPhase section */

/* Begin PBXSourcesBuildPhase section */
		55985BAD784D2B26A0D31E87 /* Sources */ = {
			isa = PBXSourcesBuildPhase;
			buildActionMask = 2147483647;
			files = (
				13F6641909457C06B89C50B4 /* DastakAdminApp.swift in Sources */,
			);
			runOnlyForDeploymentPostprocessing = 0;
		};
		64542ED42601EC1B12A85DAE /* Sources */ = {
			isa = PBXSourcesBuildPhase;
			buildActionMask = 2147483647;
			files = (
				4A4A4A4A4A4A4A4A4A4A4A4A /* AuthenticationCoordinatorTests.swift in Sources */,
				8BD8AB4722E60D5D1B9E394E /* DastakTests.swift in Sources */,
			);
			runOnlyForDeploymentPostprocessing = 0;
		};
		70F562110111213B6ADB636C /* Sources */ = {
			isa = PBXSourcesBuildPhase;
			buildActionMask = 2147483647;
			files = (
				8AFEEAE74C2015D794184C53 /* DastakMerchantApp.swift in Sources */,
			);
			runOnlyForDeploymentPostprocessing = 0;
		};
		A1F9DCC4C853C2BB268804CF /* Sources */ = {
			isa = PBXSourcesBuildPhase;
			buildActionMask = 2147483647;
			files = (
				8D69905E9C394A25AFD4CBC4 /* DastakMerchantTests.swift in Sources */,
			);
			runOnlyForDeploymentPostprocessing = 0;
		};
		EFAA4939AB6E6DA90A2FB680 /* Sources */ = {
			isa = PBXSourcesBuildPhase;
			buildActionMask = 2147483647;
			files = (
				9406EE4208344F5EE4BBDDEA /* DastakAdminTests.swift in Sources */,
			);
			runOnlyForDeploymentPostprocessing = 0;
		};
		F96AA0A39B6D1344D9E0D8F9 /* Sources */ = {
			isa = PBXSourcesBuildPhase;
			buildActionMask = 2147483647;
			files = (
				6A6A6A6A6A6A6A6A6A6A6A6A /* DastakAuthenticationCoordinator.swift in Sources */,
				DD61A65FDF5ABEF81F0E8F48 /* DastakApp.swift in Sources */,
			);
			runOnlyForDeploymentPostprocessing = 0;
		};
/* End PBXSourcesBuildPhase section */

/* Begin PBXTargetDependency section */
		468D2CA267C469E42E2E2082 /* PBXTargetDependency */ = {
			isa = PBXTargetDependency;
			name = DastakAdmin;
			target = 486131F6E4C0B6F10ADA3BE7 /* DastakAdmin */;
			targetProxy = 31EB6F9051D227E27C1FA44F /* PBXContainerItemProxy */;
		};
		769B654E3EE8EF3B923B62BD /* PBXTargetDependency */ = {
			isa = PBXTargetDependency;
			name = Dastak;
			target = 51D58DF103DED824F85DD03F /* Dastak */;
			targetProxy = 73339EDAABB336E3FEFF5C12 /* PBXContainerItemProxy */;
		};
		DF91D2DA7ABCD0354468CC74 /* PBXTargetDependency */ = {
			isa = PBXTargetDependency;
			name = DastakMerchant;
			target = 88E70E6AF4428C4AB51DDD84 /* DastakMerchant */;
			targetProxy = 4047DF4FB9F02F8B530EA980 /* PBXContainerItemProxy */;
		};
/* End PBXTargetDependency section */

/* Begin XCBuildConfiguration section */
		04D28CBF5898DB23B9873E75 /* Debug */ = {
			isa = XCBuildConfiguration;
			buildSettings = {
				ALWAYS_SEARCH_USER_PATHS = NO;
				CLANG_ANALYZER_NONNULL = YES;
				CLANG_ANALYZER_NUMBER_OBJECT_CONVERSION = YES_AGGRESSIVE;
				CLANG_CXX_LANGUAGE_STANDARD = "gnu++14";
				CLANG_CXX_LIBRARY = "libc++";
				CLANG_ENABLE_MODULES = YES;
				CLANG_ENABLE_OBJC_ARC = YES;
				CLANG_ENABLE_OBJC_WEAK = YES;
				CLANG_WARN_BLOCK_CAPTURE_AUTORELEASING = YES;
				CLANG_WARN_BOOL_CONVERSION = YES;
				CLANG_WARN_COMMA = YES;
				CLANG_WARN_CONSTANT_CONVERSION = YES;
				CLANG_WARN_DEPRECATED_OBJC_IMPLEMENTATIONS = YES;
				CLANG_WARN_DIRECT_OBJC_ISA_USAGE = YES_ERROR;
				CLANG_WARN_DOCUMENTATION_COMMENTS = YES;
				CLANG_WARN_EMPTY_BODY = YES;
				CLANG_WARN_ENUM_CONVERSION = YES;
				CLANG_WARN_INFINITE_RECURSION = YES;
				CLANG_WARN_INT_CONVERSION = YES;
				CLANG_WARN_NON_LITERAL_NULL_CONVERSION = YES;
				CLANG_WARN_OBJC_IMPLICIT_RETAIN_SELF = YES;
				CLANG_WARN_OBJC_LITERAL_CONVERSION = YES;
				CLANG_WARN_OBJC_ROOT_CLASS = YES_ERROR;
				CLANG_WARN_QUOTED_INCLUDE_IN_FRAMEWORK_HEADER = YES;
				CLANG_WARN_RANGE_LOOP_ANALYSIS = YES;
				CLANG_WARN_STRICT_PROTOTYPES = YES;
				CLANG_WARN_SUSPICIOUS_MOVE = YES;
				CLANG_WARN_UNGUARDED_AVAILABILITY = YES_AGGRESSIVE;
				CLANG_WARN_UNREACHABLE_CODE = YES;
				CLANG_WARN__DUPLICATE_METHOD_MATCH = YES;
				COPY_PHASE_STRIP = NO;
				DEBUG_INFORMATION_FORMAT = dwarf;
				ENABLE_STRICT_OBJC_MSGSEND = YES;
				ENABLE_TESTABILITY = YES;
				GCC_C_LANGUAGE_STANDARD = gnu11;
				GCC_DYNAMIC_NO_PIC = NO;
				GCC_NO_COMMON_BLOCKS = YES;
				GCC_OPTIMIZATION_LEVEL = 0;
				GCC_PREPROCESSOR_DEFINITIONS = (
					"DEBUG=1",
					"$(inherited)",
				);
				GCC_WARN_64_TO_32_BIT_CONVERSION = YES;
				GCC_WARN_ABOUT_RETURN_TYPE = YES_ERROR;
				GCC_WARN_UNDECLARED_SELECTOR = YES;
				GCC_WARN_UNINITIALIZED_AUTOS = YES_AGGRESSIVE;
				GCC_WARN_UNUSED_FUNCTION = YES;
				GCC_WARN_UNUSED_VARIABLE = YES;
				IPHONEOS_DEPLOYMENT_TARGET = 17.0;
				MTL_ENABLE_DEBUG_INFO = INCLUDE_SOURCE;
				MTL_FAST_MATH = YES;
				ONLY_ACTIVE_ARCH = YES;
				PRODUCT_NAME = "$(TARGET_NAME)";
				SWIFT_ACTIVE_COMPILATION_CONDITIONS = DEBUG;
				SWIFT_OPTIMIZATION_LEVEL = "-Onone";
				SWIFT_VERSION = 5.0;
			};
			name = Debug;
		};
		0EFA6D181CCBE80CF0A6C34B /* Release */ = {
			isa = XCBuildConfiguration;
			buildSettings = {
				BUNDLE_LOADER = "$(TEST_HOST)";
				CLANG_ENABLE_OBJC_WEAK = NO;
				CODE_SIGN_STYLE = Automatic;
				GENERATE_INFOPLIST_FILE = YES;
				IPHONEOS_DEPLOYMENT_TARGET = 17.0;
				LD_RUNPATH_SEARCH_PATHS = "$(inherited) @executable_path/Frameworks @loader_path/Frameworks";
				PRODUCT_BUNDLE_IDENTIFIER = com.dastak.app.tests;
				SDKROOT = iphoneos;
				SUPPORTS_MACCATALYST = NO;
				SWIFT_VERSION = 5.0;
				TARGETED_DEVICE_FAMILY = "1,2";
				TEST_HOST = "$(BUILT_PRODUCTS_DIR)/Dastak.app/$(BUNDLE_EXECUTABLE_FOLDER_PATH)/Dastak";
				VALIDATE_PRODUCT = YES;
			};
			name = Release;
		};
		2513EF7003A23747F3DDAF62 /* Release */ = {
			isa = XCBuildConfiguration;
			baseConfigurationReference = B1B1B1B1B1B1B1B1B1B1B1B1 /* Defaults.xcconfig */;
			buildSettings = {
				ASSETCATALOG_COMPILER_APPICON_NAME = AppIcon;
				ASSETCATALOG_COMPILER_GLOBAL_ACCENT_COLOR_NAME = AccentColor;
				CLANG_ENABLE_OBJC_WEAK = NO;
				CODE_SIGN_ENTITLEMENTS = Supporting/SignInWithApple.entitlements;
				CODE_SIGN_STYLE = Automatic;
				GENERATE_INFOPLIST_FILE = NO;
				INFOPLIST_FILE = Supporting/Info.plist;
				IPHONEOS_DEPLOYMENT_TARGET = 17.0;
				LD_RUNPATH_SEARCH_PATHS = "$(inherited) @executable_path/Frameworks";
				PRODUCT_BUNDLE_IDENTIFIER = com.dastak.admin;
				SDKROOT = iphoneos;
				SUPPORTS_MACCATALYST = NO;
				SWIFT_VERSION = 5.0;
				TARGETED_DEVICE_FAMILY = "1,2";
				VALIDATE_PRODUCT = YES;
			};
			name = Release;
		};
		4E266F22C0A8C2ECED8E3D7D /* Release */ = {
			isa = XCBuildConfiguration;
			baseConfigurationReference = B1B1B1B1B1B1B1B1B1B1B1B1 /* Defaults.xcconfig */;
			buildSettings = {
				ASSETCATALOG_COMPILER_APPICON_NAME = AppIcon;
				ASSETCATALOG_COMPILER_GLOBAL_ACCENT_COLOR_NAME = AccentColor;
				CLANG_ENABLE_OBJC_WEAK = NO;
				CODE_SIGN_ENTITLEMENTS = Supporting/SignInWithApple.entitlements;
				CODE_SIGN_STYLE = Automatic;
				GENERATE_INFOPLIST_FILE = NO;
				INFOPLIST_FILE = Supporting/Info.plist;
				IPHONEOS_DEPLOYMENT_TARGET = 17.0;
				LD_RUNPATH_SEARCH_PATHS = "$(inherited) @executable_path/Frameworks";
				PRODUCT_BUNDLE_IDENTIFIER = com.dastak.app;
				SDKROOT = iphoneos;
				SUPPORTS_MACCATALYST = NO;
				SWIFT_VERSION = 5.0;
				TARGETED_DEVICE_FAMILY = "1,2";
				VALIDATE_PRODUCT = YES;
			};
			name = Release;
		};
		6B5FF273FF23FF74123F8551 /* Debug */ = {
			isa = XCBuildConfiguration;
			buildSettings = {
				BUNDLE_LOADER = "$(TEST_HOST)";
				CLANG_ENABLE_OBJC_WEAK = NO;
				CODE_SIGN_STYLE = Automatic;
				GENERATE_INFOPLIST_FILE = YES;
				IPHONEOS_DEPLOYMENT_TARGET = 17.0;
				LD_RUNPATH_SEARCH_PATHS = "$(inherited) @executable_path/Frameworks @loader_path/Frameworks";
				PRODUCT_BUNDLE_IDENTIFIER = com.dastak.merchant.tests;
				SDKROOT = iphoneos;
				SUPPORTS_MACCATALYST = NO;
				SWIFT_VERSION = 5.0;
				TARGETED_DEVICE_FAMILY = "1,2";
				TEST_HOST = "$(BUILT_PRODUCTS_DIR)/DastakMerchant.app/$(BUNDLE_EXECUTABLE_FOLDER_PATH)/DastakMerchant";
			};
			name = Debug;
		};
		87CF6D6F7A69069614882416 /* Debug */ = {
			isa = XCBuildConfiguration;
			buildSettings = {
				BUNDLE_LOADER = "$(TEST_HOST)";
				CLANG_ENABLE_OBJC_WEAK = NO;
				CODE_SIGN_STYLE = Automatic;
				GENERATE_INFOPLIST_FILE = YES;
				IPHONEOS_DEPLOYMENT_TARGET = 17.0;
				LD_RUNPATH_SEARCH_PATHS = "$(inherited) @executable_path/Frameworks @loader_path/Frameworks";
				PRODUCT_BUNDLE_IDENTIFIER = com.dastak.app.tests;
				SDKROOT = iphoneos;
				SUPPORTS_MACCATALYST = NO;
				SWIFT_VERSION = 5.0;
				TARGETED_DEVICE_FAMILY = "1,2";
				TEST_HOST = "$(BUILT_PRODUCTS_DIR)/Dastak.app/$(BUNDLE_EXECUTABLE_FOLDER_PATH)/Dastak";
			};
			name = Debug;
		};
		9434B02D42CC14FB30B03B98 /* Debug */ = {
			isa = XCBuildConfiguration;
			baseConfigurationReference = B1B1B1B1B1B1B1B1B1B1B1B1 /* Defaults.xcconfig */;
			buildSettings = {
				ASSETCATALOG_COMPILER_APPICON_NAME = AppIcon;
				ASSETCATALOG_COMPILER_GLOBAL_ACCENT_COLOR_NAME = AccentColor;
				CLANG_ENABLE_OBJC_WEAK = NO;
				CODE_SIGN_ENTITLEMENTS = Supporting/SignInWithApple.entitlements;
				CODE_SIGN_STYLE = Automatic;
				GENERATE_INFOPLIST_FILE = NO;
				INFOPLIST_FILE = Supporting/Info.plist;
				IPHONEOS_DEPLOYMENT_TARGET = 17.0;
				LD_RUNPATH_SEARCH_PATHS = "$(inherited) @executable_path/Frameworks";
				PRODUCT_BUNDLE_IDENTIFIER = com.dastak.admin;
				SDKROOT = iphoneos;
				SUPPORTS_MACCATALYST = NO;
				SWIFT_VERSION = 5.0;
				TARGETED_DEVICE_FAMILY = "1,2";
			};
			name = Debug;
		};
		C66D33CCC12DB9BAF1549403 /* Release */ = {
			isa = XCBuildConfiguration;
			buildSettings = {
				BUNDLE_LOADER = "$(TEST_HOST)";
				CLANG_ENABLE_OBJC_WEAK = NO;
				CODE_SIGN_STYLE = Automatic;
				GENERATE_INFOPLIST_FILE = YES;
				IPHONEOS_DEPLOYMENT_TARGET = 17.0;
				LD_RUNPATH_SEARCH_PATHS = "$(inherited) @executable_path/Frameworks @loader_path/Frameworks";
				PRODUCT_BUNDLE_IDENTIFIER = com.dastak.admin.tests;
				SDKROOT = iphoneos;
				SUPPORTS_MACCATALYST = NO;
				SWIFT_VERSION = 5.0;
				TARGETED_DEVICE_FAMILY = "1,2";
				TEST_HOST = "$(BUILT_PRODUCTS_DIR)/DastakAdmin.app/$(BUNDLE_EXECUTABLE_FOLDER_PATH)/DastakAdmin";
				VALIDATE_PRODUCT = YES;
			};
			name = Release;
		};
		DB20C2A674703B7F9719316A /* Release */ = {
			isa = XCBuildConfiguration;
			buildSettings = {
				ALWAYS_SEARCH_USER_PATHS = NO;
				CLANG_ANALYZER_NONNULL = YES;
				CLANG_ANALYZER_NUMBER_OBJECT_CONVERSION = YES_AGGRESSIVE;
				CLANG_CXX_LANGUAGE_STANDARD = "gnu++14";
				CLANG_CXX_LIBRARY = "libc++";
				CLANG_ENABLE_MODULES = YES;
				CLANG_ENABLE_OBJC_ARC = YES;
				CLANG_ENABLE_OBJC_WEAK = YES;
				CLANG_WARN_BLOCK_CAPTURE_AUTORELEASING = YES;
				CLANG_WARN_BOOL_CONVERSION = YES;
				CLANG_WARN_COMMA = YES;
				CLANG_WARN_CONSTANT_CONVERSION = YES;
				CLANG_WARN_DEPRECATED_OBJC_IMPLEMENTATIONS = YES;
				CLANG_WARN_DIRECT_OBJC_ISA_USAGE = YES_ERROR;
				CLANG_WARN_DOCUMENTATION_COMMENTS = YES;
				CLANG_WARN_EMPTY_BODY = YES;
				CLANG_WARN_ENUM_CONVERSION = YES;
				CLANG_WARN_INFINITE_RECURSION = YES;
				CLANG_WARN_INT_CONVERSION = YES;
				CLANG_WARN_NON_LITERAL_NULL_CONVERSION = YES;
				CLANG_WARN_OBJC_IMPLICIT_RETAIN_SELF = YES;
				CLANG_WARN_OBJC_LITERAL_CONVERSION = YES;
				CLANG_WARN_OBJC_ROOT_CLASS = YES_ERROR;
				CLANG_WARN_QUOTED_INCLUDE_IN_FRAMEWORK_HEADER = YES;
				CLANG_WARN_RANGE_LOOP_ANALYSIS = YES;
				CLANG_WARN_STRICT_PROTOTYPES = YES;
				CLANG_WARN_SUSPICIOUS_MOVE = YES;
				CLANG_WARN_UNGUARDED_AVAILABILITY = YES_AGGRESSIVE;
				CLANG_WARN_UNREACHABLE_CODE = YES;
				CLANG_WARN__DUPLICATE_METHOD_MATCH = YES;
				COPY_PHASE_STRIP = NO;
				DEBUG_INFORMATION_FORMAT = "dwarf-with-dsym";
				ENABLE_NS_ASSERTIONS = NO;
				ENABLE_STRICT_OBJC_MSGSEND = YES;
				GCC_C_LANGUAGE_STANDARD = gnu11;
				GCC_NO_COMMON_BLOCKS = YES;
				GCC_WARN_64_TO_32_BIT_CONVERSION = YES;
				GCC_WARN_ABOUT_RETURN_TYPE = YES_ERROR;
				GCC_WARN_UNDECLARED_SELECTOR = YES;
				GCC_WARN_UNINITIALIZED_AUTOS = YES_AGGRESSIVE;
				GCC_WARN_UNUSED_FUNCTION = YES;
				GCC_WARN_UNUSED_VARIABLE = YES;
				IPHONEOS_DEPLOYMENT_TARGET = 17.0;
				MTL_ENABLE_DEBUG_INFO = NO;
				MTL_FAST_MATH = YES;
				PRODUCT_NAME = "$(TARGET_NAME)";
				SWIFT_COMPILATION_MODE = wholemodule;
				SWIFT_OPTIMIZATION_LEVEL = "-O";
				SWIFT_VERSION = 5.0;
			};
			name = Release;
		};
		DCEF7FB9A8873D63C9060101 /* Debug */ = {
			isa = XCBuildConfiguration;
			baseConfigurationReference = B1B1B1B1B1B1B1B1B1B1B1B1 /* Defaults.xcconfig */;
			buildSettings = {
				ASSETCATALOG_COMPILER_APPICON_NAME = AppIcon;
				ASSETCATALOG_COMPILER_GLOBAL_ACCENT_COLOR_NAME = AccentColor;
				CLANG_ENABLE_OBJC_WEAK = NO;
				CODE_SIGN_ENTITLEMENTS = Supporting/SignInWithApple.entitlements;
				CODE_SIGN_STYLE = Automatic;
				GENERATE_INFOPLIST_FILE = NO;
				INFOPLIST_FILE = Supporting/Info.plist;
				IPHONEOS_DEPLOYMENT_TARGET = 17.0;
				LD_RUNPATH_SEARCH_PATHS = "$(inherited) @executable_path/Frameworks";
				PRODUCT_BUNDLE_IDENTIFIER = com.dastak.merchant;
				SDKROOT = iphoneos;
				SUPPORTS_MACCATALYST = NO;
				SWIFT_VERSION = 5.0;
				TARGETED_DEVICE_FAMILY = "1,2";
			};
			name = Debug;
		};
		E11F1F52EB0092983CC97DEE /* Release */ = {
			isa = XCBuildConfiguration;
			baseConfigurationReference = B1B1B1B1B1B1B1B1B1B1B1B1 /* Defaults.xcconfig */;
			buildSettings = {
				ASSETCATALOG_COMPILER_APPICON_NAME = AppIcon;
				ASSETCATALOG_COMPILER_GLOBAL_ACCENT_COLOR_NAME = AccentColor;
				CLANG_ENABLE_OBJC_WEAK = NO;
				CODE_SIGN_ENTITLEMENTS = Supporting/SignInWithApple.entitlements;
				CODE_SIGN_STYLE = Automatic;
				GENERATE_INFOPLIST_FILE = NO;
				INFOPLIST_FILE = Supporting/Info.plist;
				IPHONEOS_DEPLOYMENT_TARGET = 17.0;
				LD_RUNPATH_SEARCH_PATHS = "$(inherited) @executable_path/Frameworks";
				PRODUCT_BUNDLE_IDENTIFIER = com.dastak.merchant;
				SDKROOT = iphoneos;
				SUPPORTS_MACCATALYST = NO;
				SWIFT_VERSION = 5.0;
				TARGETED_DEVICE_FAMILY = "1,2";
				VALIDATE_PRODUCT = YES;
			};
			name = Release;
		};
		EC086E35E710A40AF7395ED4 /* Release */ = {
			isa = XCBuildConfiguration;
			buildSettings = {
				BUNDLE_LOADER = "$(TEST_HOST)";
				CLANG_ENABLE_OBJC_WEAK = NO;
				CODE_SIGN_STYLE = Automatic;
				GENERATE_INFOPLIST_FILE = YES;
				IPHONEOS_DEPLOYMENT_TARGET = 17.0;
				LD_RUNPATH_SEARCH_PATHS = "$(inherited) @executable_path/Frameworks @loader_path/Frameworks";
				PRODUCT_BUNDLE_IDENTIFIER = com.dastak.merchant.tests;
				SDKROOT = iphoneos;
				SUPPORTS_MACCATALYST = NO;
				SWIFT_VERSION = 5.0;
				TARGETED_DEVICE_FAMILY = "1,2";
				TEST_HOST = "$(BUILT_PRODUCTS_DIR)/DastakMerchant.app/$(BUNDLE_EXECUTABLE_FOLDER_PATH)/DastakMerchant";
				VALIDATE_PRODUCT = YES;
			};
			name = Release;
		};
		ED43ADBFE16D15C5D02BCA18 /* Debug */ = {
			isa = XCBuildConfiguration;
			baseConfigurationReference = B1B1B1B1B1B1B1B1B1B1B1B1 /* Defaults.xcconfig */;
			buildSettings = {
				ASSETCATALOG_COMPILER_APPICON_NAME = AppIcon;
				ASSETCATALOG_COMPILER_GLOBAL_ACCENT_COLOR_NAME = AccentColor;
				CLANG_ENABLE_OBJC_WEAK = NO;
				CODE_SIGN_ENTITLEMENTS = Supporting/SignInWithApple.entitlements;
				CODE_SIGN_STYLE = Automatic;
				GENERATE_INFOPLIST_FILE = NO;
				INFOPLIST_FILE = Supporting/Info.plist;
				IPHONEOS_DEPLOYMENT_TARGET = 17.0;
				LD_RUNPATH_SEARCH_PATHS = "$(inherited) @executable_path/Frameworks";
				PRODUCT_BUNDLE_IDENTIFIER = com.dastak.app;
				SDKROOT = iphoneos;
				SUPPORTS_MACCATALYST = NO;
				SWIFT_VERSION = 5.0;
				TARGETED_DEVICE_FAMILY = "1,2";
			};
			name = Debug;
		};
		EDC85871009B377A7208BF01 /* Debug */ = {
			isa = XCBuildConfiguration;
			buildSettings = {
				BUNDLE_LOADER = "$(TEST_HOST)";
				CLANG_ENABLE_OBJC_WEAK = NO;
				CODE_SIGN_STYLE = Automatic;
				GENERATE_INFOPLIST_FILE = YES;
				IPHONEOS_DEPLOYMENT_TARGET = 17.0;
				LD_RUNPATH_SEARCH_PATHS = "$(inherited) @executable_path/Frameworks @loader_path/Frameworks";
				PRODUCT_BUNDLE_IDENTIFIER = com.dastak.admin.tests;
				SDKROOT = iphoneos;
				SUPPORTS_MACCATALYST = NO;
				SWIFT_VERSION = 5.0;
				TARGETED_DEVICE_FAMILY = "1,2";
				TEST_HOST = "$(BUILT_PRODUCTS_DIR)/DastakAdmin.app/$(BUNDLE_EXECUTABLE_FOLDER_PATH)/DastakAdmin";
			};
			name = Debug;
		};
/* End XCBuildConfiguration section */

/* Begin XCLocalSwiftPackageReference section */
		710710710710710710710710 /* XCLocalSwiftPackageReference "MarketplaceInfrastructure" */ = {
			isa = XCLocalSwiftPackageReference;
			relativePath = ../../Packages/MarketplaceInfrastructure;
		};
		711711711711711711711711 /* XCLocalSwiftPackageReference "MarketplaceFoundation" */ = {
			isa = XCLocalSwiftPackageReference;
			relativePath = ../../Packages/MarketplaceFoundation;
		};
		D0D0D0D0D0D0D0D0D0D0D0D0 /* XCLocalSwiftPackageReference "DastakDomain" */ = {
			isa = XCLocalSwiftPackageReference;
			relativePath = ../../Packages/DastakDomain;
		};
		E00000000000000000000001 /* XCLocalSwiftPackageReference "MarketplaceDesignSystem" */ = {
			isa = XCLocalSwiftPackageReference;
			relativePath = ../../Packages/MarketplaceDesignSystem;
		};
/* End XCLocalSwiftPackageReference section */

/* Begin XCSwiftPackageProductDependency section */
		712712712712712712712712 /* MarketplaceInfrastructure */ = {
			isa = XCSwiftPackageProductDependency;
			package = 710710710710710710710710 /* XCLocalSwiftPackageReference "MarketplaceInfrastructure" */;
			productName = MarketplaceInfrastructure;
		};
		713713713713713713713713 /* MarketplaceFoundation */ = {
			isa = XCSwiftPackageProductDependency;
			package = 711711711711711711711711 /* XCLocalSwiftPackageReference "MarketplaceFoundation" */;
			productName = MarketplaceFoundation;
		};
		714714714714714714714714 /* MarketplaceInfrastructure */ = {
			isa = XCSwiftPackageProductDependency;
			package = 710710710710710710710710 /* XCLocalSwiftPackageReference "MarketplaceInfrastructure" */;
			productName = MarketplaceInfrastructure;
		};
		715715715715715715715715 /* MarketplaceFoundation */ = {
			isa = XCSwiftPackageProductDependency;
			package = 711711711711711711711711 /* XCLocalSwiftPackageReference "MarketplaceFoundation" */;
			productName = MarketplaceFoundation;
		};
		716716716716716716716716 /* MarketplaceInfrastructure */ = {
			isa = XCSwiftPackageProductDependency;
			package = 710710710710710710710710 /* XCLocalSwiftPackageReference "MarketplaceInfrastructure" */;
			productName = MarketplaceInfrastructure;
		};
		717717717717717717717717 /* MarketplaceInfrastructure */ = {
			isa = XCSwiftPackageProductDependency;
			package = 710710710710710710710710 /* XCLocalSwiftPackageReference "MarketplaceInfrastructure" */;
			productName = MarketplaceInfrastructure;
		};
		D1D1D1D1D1D1D1D1D1D1D1D1 /* DastakDomain */ = {
			isa = XCSwiftPackageProductDependency;
			package = D0D0D0D0D0D0D0D0D0D0D0D0 /* XCLocalSwiftPackageReference "DastakDomain" */;
			productName = DastakDomain;
		};
		D2D2D2D2D2D2D2D2D2D2D2D2 /* DastakDomain */ = {
			isa = XCSwiftPackageProductDependency;
			package = D0D0D0D0D0D0D0D0D0D0D0D0 /* XCLocalSwiftPackageReference "DastakDomain" */;
			productName = DastakDomain;
		};
		D5D5D5D5D5D5D5D5D5D5D5D5 /* DastakDomain */ = {
			isa = XCSwiftPackageProductDependency;
			package = D0D0D0D0D0D0D0D0D0D0D0D0 /* XCLocalSwiftPackageReference "DastakDomain" */;
			productName = DastakDomain;
		};
		D6D6D6D6D6D6D6D6D6D6D6D6 /* DastakDomain */ = {
			isa = XCSwiftPackageProductDependency;
			package = D0D0D0D0D0D0D0D0D0D0D0D0 /* XCLocalSwiftPackageReference "DastakDomain" */;
			productName = DastakDomain;
		};
		E20000000000000000000001 /* MarketplaceDesignSystem */ = {
			isa = XCSwiftPackageProductDependency;
			package = E00000000000000000000001 /* XCLocalSwiftPackageReference "MarketplaceDesignSystem" */;
			productName = MarketplaceDesignSystem;
		};
		E20000000000000000000002 /* MarketplaceDesignSystem */ = {
			isa = XCSwiftPackageProductDependency;
			package = E00000000000000000000001 /* XCLocalSwiftPackageReference "MarketplaceDesignSystem" */;
			productName = MarketplaceDesignSystem;
		};
		E20000000000000000000003 /* MarketplaceDesignSystem */ = {
			isa = XCSwiftPackageProductDependency;
			package = E00000000000000000000001 /* XCLocalSwiftPackageReference "MarketplaceDesignSystem" */;
			productName = MarketplaceDesignSystem;
		};
/* End XCSwiftPackageProductDependency section */

/* Begin XCConfigurationList section */
		0D250147FB684C13985B2E0C /* Build configuration list for PBXNativeTarget "DastakMerchant" */ = {
			isa = XCConfigurationList;
			buildConfigurations = (
				E11F1F52EB0092983CC97DEE /* Release */,
				DCEF7FB9A8873D63C9060101 /* Debug */,
			);
			defaultConfigurationIsVisible = 0;
			defaultConfigurationName = Release;
		};
		36DC8A49584031D17403CE39 /* Build configuration list for PBXNativeTarget "DastakMerchantTests" */ = {
			isa = XCConfigurationList;
			buildConfigurations = (
				EC086E35E710A40AF7395ED4 /* Release */,
				6B5FF273FF23FF74123F8551 /* Debug */,
			);
			defaultConfigurationIsVisible = 0;
			defaultConfigurationName = Release;
		};
		7804FAB23D61296D436D1A50 /* Build configuration list for PBXNativeTarget "DastakTests" */ = {
			isa = XCConfigurationList;
			buildConfigurations = (
				0EFA6D181CCBE80CF0A6C34B /* Release */,
				87CF6D6F7A69069614882416 /* Debug */,
			);
			defaultConfigurationIsVisible = 0;
			defaultConfigurationName = Release;
		};
		83167DFF60FE0C7ED330AC2F /* Build configuration list for PBXNativeTarget "DastakAdmin" */ = {
			isa = XCConfigurationList;
			buildConfigurations = (
				2513EF7003A23747F3DDAF62 /* Release */,
				9434B02D42CC14FB30B03B98 /* Debug */,
			);
			defaultConfigurationIsVisible = 0;
			defaultConfigurationName = Release;
		};
		DCA4595102C07AFCF304FD08 /* Build configuration list for PBXNativeTarget "Dastak" */ = {
			isa = XCConfigurationList;
			buildConfigurations = (
				4E266F22C0A8C2ECED8E3D7D /* Release */,
				ED43ADBFE16D15C5D02BCA18 /* Debug */,
			);
			defaultConfigurationIsVisible = 0;
			defaultConfigurationName = Release;
		};
		F16658DB8E216118961570A7 /* Build configuration list for PBXNativeTarget "DastakAdminTests" */ = {
			isa = XCConfigurationList;
			buildConfigurations = (
				C66D33CCC12DB9BAF1549403 /* Release */,
				EDC85871009B377A7208BF01 /* Debug */,
			);
			defaultConfigurationIsVisible = 0;
			defaultConfigurationName = Release;
		};
		FCA5315607F8712D4E6478AA /* Build configuration list for PBXProject "Dastak" */ = {
			isa = XCConfigurationList;
			buildConfigurations = (
				04D28CBF5898DB23B9873E75 /* Debug */,
				DB20C2A674703B7F9719316A /* Release */,
			);
			defaultConfigurationIsVisible = 0;
			defaultConfigurationName = Release;
		};
/* End XCConfigurationList section */
	};
	rootObject = DA806623C44B40C468E7FAE4 /* Project object */;
}
